
Microsoft Visual Studio Solution File, Format Version 12.00
# Visual Studio Version 17
VisualStudioVersion = 17.2.32519.379
MinimumVisualStudioVersion = 10.0.40219.1
Project("{8BC9CEB8-8B4A-11D0-8D11-00A0C91BC942}") = "EntryWin", "winsrc\entrywin\entrywin.vcxproj", "{F300FA1A-441E-4DCD-A053-9ED50285A98B}"
EndProject
Project("{2150E333-8FDC-42A3-9474-1A3956D46DE8}") = "Windows", "Windows", "{43DF7291-7D9E-49FF-9D1C-F86650CF1A66}"
EndProject
Project("{8BC9CEB8-8B4A-11D0-8D11-00A0C91BC942}") = "Input", "winsrc\input\input.vcxproj", "{6E04FFC9-88DB-4646-93B1-D1CEF76CFE10}"
EndProject
Project("{8BC9CEB8-8B4A-11D0-8D11-00A0C91BC942}") = "Dromed", "src\dromed.vcxproj", "{4139A0DF-6572-40CC-B636-D82C74D55558}"
EndProject
Project("{2150E333-8FDC-42A3-9474-1A3956D46DE8}") = "Libraries", "Libraries", "{B5FEC130-5743-45B9-89A5-55B356C690A7}"
EndProject
Project("{8BC9CEB8-8B4A-11D0-8D11-00A0C91BC942}") = "appcore", "libsrc\appcore\appcore.vcxproj", "{A190AFD9-5497-4AFE-8BB1-81256E46936A}"
EndProject
Project("{8BC9CEB8-8B4A-11D0-8D11-00A0C91BC942}") = "compapis", "libsrc\compapis\compapis.vcxproj", "{98CA6EB2-2107-4716-AA3A-1A03C50D832B}"
EndProject
Project("{8BC9CEB8-8B4A-11D0-8D11-00A0C91BC942}") = "comtools", "libsrc\comtools\comtools.vcxproj", "{ACEB23BD-60E5-4D21-ADAB-8C93E383EBB6}"
EndProject
Project("{8BC9CEB8-8B4A-11D0-8D11-00A0C91BC942}") = "config", "libsrc\config\config.vcxproj", "{165D29CB-2F48-4EAD-B8A2-C87784060E83}"
EndProject
Project("{8BC9CEB8-8B4A-11D0-8D11-00A0C91BC942}") = "cpptools", "libsrc\cpptools\cpptools.vcxproj", "{C68D3318-6C50-4117-AEF3-F2023290B5F7}"
EndProject
Project("{8BC9CEB8-8B4A-11D0-8D11-00A0C91BC942}") = "darkloop", "libsrc\darkloop\darkloop.vcxproj", "{EBF0117F-CC3A-4FD0-976D-EFB9A3808465}"
EndProject
Project("{8BC9CEB8-8B4A-11D0-8D11-00A0C91BC942}") = "dev2d", "libsrc\dev2d\dev2d.vcxproj", "{1E72E63E-EA5D-4854-BAD3-93E4CB9348D7}"
EndProject
Project("{8BC9CEB8-8B4A-11D0-8D11-00A0C91BC942}") = "dispdev", "libsrc\dispdev\dispdev.vcxproj", "{F80BD947-0D32-4D34-A9E8-EABD5E29CC63}"
EndProject
Project("{8BC9CEB8-8B4A-11D0-8D11-00A0C91BC942}") = "dstruct", "libsrc\dstruct\dstruct.vcxproj", "{DF4BCEB3-9315-4E6D-B692-8465D31E247F}"
EndProject
Project("{8BC9CEB8-8B4A-11D0-8D11-00A0C91BC942}") = "dump", "libsrc\dump\dump.vcxproj", "{63F5C73F-6870-4844-8394-A21CF46D9CD3}"
EndProject
Project("{8BC9CEB8-8B4A-11D0-8D11-00A0C91BC942}") = "fix", "libsrc\fix\fix.vcxproj", "{AE77EDC9-793E-4068-B76D-9BDD6752671F}"
EndProject
Project("{8BC9CEB8-8B4A-11D0-8D11-00A0C91BC942}") = "font", "libsrc\font\font.vcxproj", "{A04D1DE3-8DD7-40F8-892F-453411770AC9}"
EndProject
Project("{8BC9CEB8-8B4A-11D0-8D11-00A0C91BC942}") = "g2", "libsrc\g2\g2.vcxproj", "{CD44D01F-F0C2-46C9-B700-A4AE556FC39E}"
EndProject
Project("{8BC9CEB8-8B4A-11D0-8D11-00A0C91BC942}") = "gadget", "libsrc\gadget\gadget.vcxproj", "{8A8C9E3C-22C9-4821-A237-E681FF5B13A3}"
EndProject
Project("{8BC9CEB8-8B4A-11D0-8D11-00A0C91BC942}") = "gameshel", "libsrc\gameshel\gameshel.vcxproj", "{191985A6-91C9-4037-88B0-CF9EF344062B}"
EndProject
Project("{8BC9CEB8-8B4A-11D0-8D11-00A0C91BC942}") = "gfile", "libsrc\gfile\gfile.vcxproj", "{097383B4-247D-423A-A33E-131AC4EE4A0E}"
EndProject
Project("{8BC9CEB8-8B4A-11D0-8D11-00A0C91BC942}") = "inputbnd", "libsrc\inputbnd\inputbnd.vcxproj", "{5403E436-E42C-4861-BDBA-B028F36D83C3}"
EndProject
Project("{8BC9CEB8-8B4A-11D0-8D11-00A0C91BC942}") = "lg", "libsrc\lg\lg.vcxproj", "{E033AF7B-4962-423C-B95E-34B15EB415D9}"
EndProject
Project("{8BC9CEB8-8B4A-11D0-8D11-00A0C91BC942}") = "lgalloc", "libsrc\lgalloc\lgalloc.vcxproj", "{31B74392-2BCD-4894-9F3C-254A36758F41}"
EndProject
Project("{8BC9CEB8-8B4A-11D0-8D11-00A0C91BC942}") = "lgd3d", "libsrc\lgd3d\lgd3d.vcxproj", "{570F4C19-CCBE-4047-B667-A608302CB6A3}"
EndProject
Project("{8BC9CEB8-8B4A-11D0-8D11-00A0C91BC942}") = "matrix", "libsrc\matrix\matrix.vcxproj", "{C996B5C6-6CD4-46C3-BE81-FA82B76730FB}"
EndProject
Project("{8BC9CEB8-8B4A-11D0-8D11-00A0C91BC942}") = "md", "libsrc\md\md.vcxproj", "{5FE18B0D-BAAB-48E3-B9DE-2813CFDD8AC3}"
EndProject
Project("{8BC9CEB8-8B4A-11D0-8D11-00A0C91BC942}") = "mm", "libsrc\mm\mm.vcxproj", "{D894F5EE-032C-4BEC-8941-4260B2BB6D81}"
EndProject
Project("{8BC9CEB8-8B4A-11D0-8D11-00A0C91BC942}") = "mp", "libsrc\mp\mp.vcxproj", "{E78411D7-24A3-4D5A-8C08-9DEA3CAFDB6F}"
EndProject
Project("{8BC9CEB8-8B4A-11D0-8D11-00A0C91BC942}") = "mprintf", "libsrc\mprintf\mprintf.vcxproj", "{ECA31CEF-7D14-4D9A-8F41-227C604DC323}"
EndProject
Project("{8BC9CEB8-8B4A-11D0-8D11-00A0C91BC942}") = "namedres", "libsrc\namedres\namedres.vcxproj", "{AA0F9B1F-8C6B-42DF-9DC8-52DCB5966B0C}"
EndProject
Project("{8BC9CEB8-8B4A-11D0-8D11-00A0C91BC942}") = "net", "libsrc\net\net.vcxproj", "{587EDEA3-108F-45E5-9559-3383C09B2736}"
EndProject
Project("{8BC9CEB8-8B4A-11D0-8D11-00A0C91BC942}") = "prof", "libsrc\prof\prof.vcxproj", "{E7FFC0A1-3461-4C7A-84DD-AD84D153D6D7}"
EndProject
Project("{8BC9CEB8-8B4A-11D0-8D11-00A0C91BC942}") = "r3d", "libsrc\r3d\r3d.vcxproj", "{85F86AA5-85A9-479D-BDED-74EF0D7E34DD}"
EndProject
Project("{8BC9CEB8-8B4A-11D0-8D11-00A0C91BC942}") = "random", "libsrc\random\random.vcxproj", "{8095708B-F14B-48BE-A9AD-7F4AD9B9B9AE}"
EndProject
Project("{8BC9CEB8-8B4A-11D0-8D11-00A0C91BC942}") = "recorder", "libsrc\recorder\recorder.vcxproj", "{EAE079BE-8BB6-400D-904F-73F33F3BBA42}"
EndProject
Project("{8BC9CEB8-8B4A-11D0-8D11-00A0C91BC942}") = "ref", "libsrc\ref\ref.vcxproj", "{9124111A-FCA6-426C-9EA5-A1A37B081430}"
EndProject
Project("{8BC9CEB8-8B4A-11D0-8D11-00A0C91BC942}") = "res", "libsrc\res\res.vcxproj", "{3EE12A26-73F6-43C5-A7ED-8E6CEC18E560}"
EndProject
Project("{8BC9CEB8-8B4A-11D0-8D11-00A0C91BC942}") = "rnd", "libsrc\rnd\rnd.vcxproj", "{B67C652C-FA4A-4656-9D96-72AC3712EA0C}"
EndProject
Project("{8BC9CEB8-8B4A-11D0-8D11-00A0C91BC942}") = "script", "libsrc\script\script.vcxproj", "{2289626A-4DFB-4108-98BF-8D9067A65E25}"
EndProject
Project("{8BC9CEB8-8B4A-11D0-8D11-00A0C91BC942}") = "sdesc", "libsrc\sdesc\sdesc.vcxproj", "{3D06B472-90A8-4E70-A33C-E9930F00EEF1}"
EndProject
Project("{8BC9CEB8-8B4A-11D0-8D11-00A0C91BC942}") = "skel", "libsrc\skel\skel.vcxproj", "{057C1134-93B4-4CD3-A5F7-040480E8D4D1}"
EndProject
Project("{8BC9CEB8-8B4A-11D0-8D11-00A0C91BC942}") = "sndsrc", "libsrc\sndsrc\sndsrc.vcxproj", "{762DDBAA-C6BB-498A-B869-5C6F89D5282C}"
EndProject
Project("{8BC9CEB8-8B4A-11D0-8D11-00A0C91BC942}") = "sndutil", "libsrc\sndutil\sndutil.vcxproj", "{945652A2-6F73-4530-8F29-4AFFE6EBAF5A}"
EndProject
Project("{8BC9CEB8-8B4A-11D0-8D11-00A0C91BC942}") = "sound", "libsrc\sound\sound.vcxproj", "{B056B74C-8A08-4173-94B2-A4464703014C}"
EndProject
Project("{8BC9CEB8-8B4A-11D0-8D11-00A0C91BC942}") = "star", "libsrc\star\star.vcxproj", "{C5DE8BD4-E9EE-499F-8B5E-9D98FC85384A}"
EndProject
Project("{8BC9CEB8-8B4A-11D0-8D11-00A0C91BC942}") = "tagfile", "libsrc\tagfile\tagfile.vcxproj", "{1DEB471C-B1B0-4E32-AB1E-FE3D285A167C}"
EndProject
Project("{8BC9CEB8-8B4A-11D0-8D11-00A0C91BC942}") = "templgen", "libsrc\templgen\templgen.vcxproj", "{9244B151-0271-40AC-A3AE-BFEA5C475C50}"
EndProject
Project("{8BC9CEB8-8B4A-11D0-8D11-00A0C91BC942}") = "timer", "libsrc\timer\timer.vcxproj", "{5108FA85-F335-4C06-99EB-0280458E1491}"
EndProject
Project("{8BC9CEB8-8B4A-11D0-8D11-00A0C91BC942}") = "ui", "libsrc\ui\ui.vcxproj", "{54095F7D-7EBF-4D4C-A53A-4B8BC9E4A747}"
EndProject
Project("{8BC9CEB8-8B4A-11D0-8D11-00A0C91BC942}") = "vec2", "libsrc\vec2\vec2.vcxproj", "{140663AA-4C5C-43B9-81DD-80DA400BD09A}"
EndProject
Global
	GlobalSection(SolutionConfigurationPlatforms) = preSolution
		Debug|x64 = Debug|x64
		Debug|x86 = Debug|x86
		Opt No Precompiled Header|x64 = Opt No Precompiled Header|x64
		Opt No Precompiled Header|x86 = Opt No Precompiled Header|x86
		Opt|x64 = Opt|x64
		Opt|x86 = Opt|x86
		Release|x64 = Release|x64
		Release|x86 = Release|x86
	EndGlobalSection
	GlobalSection(ProjectConfigurationPlatforms) = postSolution
		{F300FA1A-441E-4DCD-A053-9ED50285A98B}.Debug|x64.ActiveCfg = Debug|x64
		{F300FA1A-441E-4DCD-A053-9ED50285A98B}.Debug|x64.Build.0 = Debug|x64
		{F300FA1A-441E-4DCD-A053-9ED50285A98B}.Debug|x86.ActiveCfg = Debug|Win32
		{F300FA1A-441E-4DCD-A053-9ED50285A98B}.Debug|x86.Build.0 = Debug|Win32
		{F300FA1A-441E-4DCD-A053-9ED50285A98B}.Opt No Precompiled Header|x64.ActiveCfg = Debug|x64
		{F300FA1A-441E-4DCD-A053-9ED50285A98B}.Opt No Precompiled Header|x64.Build.0 = Debug|x64
		{F300FA1A-441E-4DCD-A053-9ED50285A98B}.Opt No Precompiled Header|x86.ActiveCfg = Debug|Win32
		{F300FA1A-441E-4DCD-A053-9ED50285A98B}.Opt No Precompiled Header|x86.Build.0 = Debug|Win32
		{F300FA1A-441E-4DCD-A053-9ED50285A98B}.Opt|x64.ActiveCfg = Debug|x64
		{F300FA1A-441E-4DCD-A053-9ED50285A98B}.Opt|x64.Build.0 = Debug|x64
		{F300FA1A-441E-4DCD-A053-9ED50285A98B}.Opt|x86.ActiveCfg = Debug|Win32
		{F300FA1A-441E-4DCD-A053-9ED50285A98B}.Opt|x86.Build.0 = Debug|Win32
		{F300FA1A-441E-4DCD-A053-9ED50285A98B}.Release|x64.ActiveCfg = Release|x64
		{F300FA1A-441E-4DCD-A053-9ED50285A98B}.Release|x64.Build.0 = Release|x64
		{F300FA1A-441E-4DCD-A053-9ED50285A98B}.Release|x86.ActiveCfg = Release|Win32
		{F300FA1A-441E-4DCD-A053-9ED50285A98B}.Release|x86.Build.0 = Release|Win32
		{6E04FFC9-88DB-4646-93B1-D1CEF76CFE10}.Debug|x64.ActiveCfg = Debug|x64
		{6E04FFC9-88DB-4646-93B1-D1CEF76CFE10}.Debug|x64.Build.0 = Debug|x64
		{6E04FFC9-88DB-4646-93B1-D1CEF76CFE10}.Debug|x86.ActiveCfg = Debug|Win32
		{6E04FFC9-88DB-4646-93B1-D1CEF76CFE10}.Debug|x86.Build.0 = Debug|Win32
		{6E04FFC9-88DB-4646-93B1-D1CEF76CFE10}.Opt No Precompiled Header|x64.ActiveCfg = Debug|x64
		{6E04FFC9-88DB-4646-93B1-D1CEF76CFE10}.Opt No Precompiled Header|x64.Build.0 = Debug|x64
		{6E04FFC9-88DB-4646-93B1-D1CEF76CFE10}.Opt No Precompiled Header|x86.ActiveCfg = Debug|Win32
		{6E04FFC9-88DB-4646-93B1-D1CEF76CFE10}.Opt No Precompiled Header|x86.Build.0 = Debug|Win32
		{6E04FFC9-88DB-4646-93B1-D1CEF76CFE10}.Opt|x64.ActiveCfg = Debug|x64
		{6E04FFC9-88DB-4646-93B1-D1CEF76CFE10}.Opt|x64.Build.0 = Debug|x64
		{6E04FFC9-88DB-4646-93B1-D1CEF76CFE10}.Opt|x86.ActiveCfg = Debug|Win32
		{6E04FFC9-88DB-4646-93B1-D1CEF76CFE10}.Opt|x86.Build.0 = Debug|Win32
		{6E04FFC9-88DB-4646-93B1-D1CEF76CFE10}.Release|x64.ActiveCfg = Release|x64
		{6E04FFC9-88DB-4646-93B1-D1CEF76CFE10}.Release|x64.Build.0 = Release|x64
		{6E04FFC9-88DB-4646-93B1-D1CEF76CFE10}.Release|x86.ActiveCfg = Release|Win32
		{6E04FFC9-88DB-4646-93B1-D1CEF76CFE10}.Release|x86.Build.0 = Release|Win32
		{4139A0DF-6572-40CC-B636-D82C74D55558}.Debug|x64.ActiveCfg = Debug|Win32
		{4139A0DF-6572-40CC-B636-D82C74D55558}.Debug|x64.Build.0 = Debug|Win32
		{4139A0DF-6572-40CC-B636-D82C74D55558}.Debug|x86.ActiveCfg = Debug|Win32
		{4139A0DF-6572-40CC-B636-D82C74D55558}.Debug|x86.Build.0 = Debug|Win32
		{4139A0DF-6572-40CC-B636-D82C74D55558}.Opt No Precompiled Header|x64.ActiveCfg = Opt No Precompiled Header|Win32
		{4139A0DF-6572-40CC-B636-D82C74D55558}.Opt No Precompiled Header|x64.Build.0 = Opt No Precompiled Header|Win32
		{4139A0DF-6572-40CC-B636-D82C74D55558}.Opt No Precompiled Header|x86.ActiveCfg = Opt No Precompiled Header|Win32
		{4139A0DF-6572-40CC-B636-D82C74D55558}.Opt No Precompiled Header|x86.Build.0 = Opt No Precompiled Header|Win32
		{4139A0DF-6572-40CC-B636-D82C74D55558}.Opt|x64.ActiveCfg = Opt|Win32
		{4139A0DF-6572-40CC-B636-D82C74D55558}.Opt|x64.Build.0 = Opt|Win32
		{4139A0DF-6572-40CC-B636-D82C74D55558}.Opt|x86.ActiveCfg = Opt|Win32
		{4139A0DF-6572-40CC-B636-D82C74D55558}.Opt|x86.Build.0 = Opt|Win32
		{4139A0DF-6572-40CC-B636-D82C74D55558}.Release|x64.ActiveCfg = Release|Win32
		{4139A0DF-6572-40CC-B636-D82C74D55558}.Release|x64.Build.0 = Release|Win32
		{4139A0DF-6572-40CC-B636-D82C74D55558}.Release|x86.ActiveCfg = Release|Win32
		{4139A0DF-6572-40CC-B636-D82C74D55558}.Release|x86.Build.0 = Release|Win32
		{98CA6EB2-2107-4716-AA3A-1A03C50D832B}.Debug|x64.ActiveCfg = Debug|x64
		{98CA6EB2-2107-4716-AA3A-1A03C50D832B}.Debug|x64.Build.0 = Debug|x64
		{98CA6EB2-2107-4716-AA3A-1A03C50D832B}.Debug|x86.ActiveCfg = Debug|Win32
		{98CA6EB2-2107-4716-AA3A-1A03C50D832B}.Debug|x86.Build.0 = Debug|Win32
		{98CA6EB2-2107-4716-AA3A-1A03C50D832B}.Opt No Precompiled Header|x64.ActiveCfg = Debug|x64
		{98CA6EB2-2107-4716-AA3A-1A03C50D832B}.Opt No Precompiled Header|x64.Build.0 = Debug|x64
		{98CA6EB2-2107-4716-AA3A-1A03C50D832B}.Opt No Precompiled Header|x86.ActiveCfg = Debug|Win32
		{98CA6EB2-2107-4716-AA3A-1A03C50D832B}.Opt No Precompiled Header|x86.Build.0 = Debug|Win32
		{98CA6EB2-2107-4716-AA3A-1A03C50D832B}.Opt|x64.ActiveCfg = Debug|x64
		{98CA6EB2-2107-4716-AA3A-1A03C50D832B}.Opt|x64.Build.0 = Debug|x64
		{98CA6EB2-2107-4716-AA3A-1A03C50D832B}.Opt|x86.ActiveCfg = Debug|Win32
		{98CA6EB2-2107-4716-AA3A-1A03C50D832B}.Opt|x86.Build.0 = Debug|Win32
		{98CA6EB2-2107-4716-AA3A-1A03C50D832B}.Release|x64.ActiveCfg = Release|x64
		{98CA6EB2-2107-4716-AA3A-1A03C50D832B}.Release|x64.Build.0 = Release|x64
		{98CA6EB2-2107-4716-AA3A-1A03C50D832B}.Release|x86.ActiveCfg = Release|Win32
		{98CA6EB2-2107-4716-AA3A-1A03C50D832B}.Release|x86.Build.0 = Release|Win32
		{ACEB23BD-60E5-4D21-ADAB-8C93E383EBB6}.Debug|x64.ActiveCfg = Debug|x64
		{ACEB23BD-60E5-4D21-ADAB-8C93E383EBB6}.Debug|x64.Build.0 = Debug|x64
		{ACEB23BD-60E5-4D21-ADAB-8C93E383EBB6}.Debug|x86.ActiveCfg = Debug|Win32
		{ACEB23BD-60E5-4D21-ADAB-8C93E383EBB6}.Debug|x86.Build.0 = Debug|Win32
		{ACEB23BD-60E5-4D21-ADAB-8C93E383EBB6}.Opt No Precompiled Header|x64.ActiveCfg = Debug|x64
		{ACEB23BD-60E5-4D21-ADAB-8C93E383EBB6}.Opt No Precompiled Header|x64.Build.0 = Debug|x64
		{ACEB23BD-60E5-4D21-ADAB-8C93E383EBB6}.Opt No Precompiled Header|x86.ActiveCfg = Debug|Win32
		{ACEB23BD-60E5-4D21-ADAB-8C93E383EBB6}.Opt No Precompiled Header|x86.Build.0 = Debug|Win32
		{ACEB23BD-60E5-4D21-ADAB-8C93E383EBB6}.Opt|x64.ActiveCfg = Debug|x64
		{ACEB23BD-60E5-4D21-ADAB-8C93E383EBB6}.Opt|x64.Build.0 = Debug|x64
		{ACEB23BD-60E5-4D21-ADAB-8C93E383EBB6}.Opt|x86.ActiveCfg = Debug|Win32
		{ACEB23BD-60E5-4D21-ADAB-8C93E383EBB6}.Opt|x86.Build.0 = Debug|Win32
		{ACEB23BD-60E5-4D21-ADAB-8C93E383EBB6}.Release|x64.ActiveCfg = Release|x64
		{ACEB23BD-60E5-4D21-ADAB-8C93E383EBB6}.Release|x64.Build.0 = Release|x64
		{ACEB23BD-60E5-4D21-ADAB-8C93E383EBB6}.Release|x86.ActiveCfg = Release|Win32
		{ACEB23BD-60E5-4D21-ADAB-8C93E383EBB6}.Release|x86.Build.0 = Release|Win32
		{165D29CB-2F48-4EAD-B8A2-C87784060E83}.Debug|x64.ActiveCfg = Debug|x64
		{165D29CB-2F48-4EAD-B8A2-C87784060E83}.Debug|x64.Build.0 = Debug|x64
		{165D29CB-2F48-4EAD-B8A2-C87784060E83}.Debug|x86.ActiveCfg = Debug|Win32
		{165D29CB-2F48-4EAD-B8A2-C87784060E83}.Debug|x86.Build.0 = Debug|Win32
		{165D29CB-2F48-4EAD-B8A2-C87784060E83}.Opt No Precompiled Header|x64.ActiveCfg = Debug|x64
		{165D29CB-2F48-4EAD-B8A2-C87784060E83}.Opt No Precompiled Header|x64.Build.0 = Debug|x64
		{165D29CB-2F48-4EAD-B8A2-C87784060E83}.Opt No Precompiled Header|x86.ActiveCfg = Debug|Win32
		{165D29CB-2F48-4EAD-B8A2-C87784060E83}.Opt No Precompiled Header|x86.Build.0 = Debug|Win32
		{165D29CB-2F48-4EAD-B8A2-C87784060E83}.Opt|x64.ActiveCfg = Debug|x64
		{165D29CB-2F48-4EAD-B8A2-C87784060E83}.Opt|x64.Build.0 = Debug|x64
		{165D29CB-2F48-4EAD-B8A2-C87784060E83}.Opt|x86.ActiveCfg = Debug|Win32
		{165D29CB-2F48-4EAD-B8A2-C87784060E83}.Opt|x86.Build.0 = Debug|Win32
		{165D29CB-2F48-4EAD-B8A2-C87784060E83}.Release|x64.ActiveCfg = Release|x64
		{165D29CB-2F48-4EAD-B8A2-C87784060E83}.Release|x64.Build.0 = Release|x64
		{165D29CB-2F48-4EAD-B8A2-C87784060E83}.Release|x86.ActiveCfg = Release|Win32
		{165D29CB-2F48-4EAD-B8A2-C87784060E83}.Release|x86.Build.0 = Release|Win32
		{C68D3318-6C50-4117-AEF3-F2023290B5F7}.Debug|x64.ActiveCfg = Debug|x64
		{C68D3318-6C50-4117-AEF3-F2023290B5F7}.Debug|x64.Build.0 = Debug|x64
		{C68D3318-6C50-4117-AEF3-F2023290B5F7}.Debug|x86.ActiveCfg = Debug|Win32
		{C68D3318-6C50-4117-AEF3-F2023290B5F7}.Debug|x86.Build.0 = Debug|Win32
		{C68D3318-6C50-4117-AEF3-F2023290B5F7}.Opt No Precompiled Header|x64.ActiveCfg = Debug|x64
		{C68D3318-6C50-4117-AEF3-F2023290B5F7}.Opt No Precompiled Header|x64.Build.0 = Debug|x64
		{C68D3318-6C50-4117-AEF3-F2023290B5F7}.Opt No Precompiled Header|x86.ActiveCfg = Debug|Win32
		{C68D3318-6C50-4117-AEF3-F2023290B5F7}.Opt No Precompiled Header|x86.Build.0 = Debug|Win32
		{C68D3318-6C50-4117-AEF3-F2023290B5F7}.Opt|x64.ActiveCfg = Debug|x64
		{C68D3318-6C50-4117-AEF3-F2023290B5F7}.Opt|x64.Build.0 = Debug|x64
		{C68D3318-6C50-4117-AEF3-F2023290B5F7}.Opt|x86.ActiveCfg = Debug|Win32
		{C68D3318-6C50-4117-AEF3-F2023290B5F7}.Opt|x86.Build.0 = Debug|Win32
		{C68D3318-6C50-4117-AEF3-F2023290B5F7}.Release|x64.ActiveCfg = Release|x64
		{C68D3318-6C50-4117-AEF3-F2023290B5F7}.Release|x64.Build.0 = Release|x64
		{C68D3318-6C50-4117-AEF3-F2023290B5F7}.Release|x86.ActiveCfg = Release|Win32
		{C68D3318-6C50-4117-AEF3-F2023290B5F7}.Release|x86.Build.0 = Release|Win32
		{EBF0117F-CC3A-4FD0-976D-EFB9A3808465}.Debug|x64.ActiveCfg = Debug|x64
		{EBF0117F-CC3A-4FD0-976D-EFB9A3808465}.Debug|x64.Build.0 = Debug|x64
		{EBF0117F-CC3A-4FD0-976D-EFB9A3808465}.Debug|x86.ActiveCfg = Debug|Win32
		{EBF0117F-CC3A-4FD0-976D-EFB9A3808465}.Debug|x86.Build.0 = Debug|Win32
		{EBF0117F-CC3A-4FD0-976D-EFB9A3808465}.Opt No Precompiled Header|x64.ActiveCfg = Debug|x64
		{EBF0117F-CC3A-4FD0-976D-EFB9A3808465}.Opt No Precompiled Header|x64.Build.0 = Debug|x64
		{EBF0117F-CC3A-4FD0-976D-EFB9A3808465}.Opt No Precompiled Header|x86.ActiveCfg = Debug|Win32
		{EBF0117F-CC3A-4FD0-976D-EFB9A3808465}.Opt No Precompiled Header|x86.Build.0 = Debug|Win32
		{EBF0117F-CC3A-4FD0-976D-EFB9A3808465}.Opt|x64.ActiveCfg = Debug|x64
		{EBF0117F-CC3A-4FD0-976D-EFB9A3808465}.Opt|x64.Build.0 = Debug|x64
		{EBF0117F-CC3A-4FD0-976D-EFB9A3808465}.Opt|x86.ActiveCfg = Debug|Win32
		{EBF0117F-CC3A-4FD0-976D-EFB9A3808465}.Opt|x86.Build.0 = Debug|Win32
		{EBF0117F-CC3A-4FD0-976D-EFB9A3808465}.Release|x64.ActiveCfg = Release|x64
		{EBF0117F-CC3A-4FD0-976D-EFB9A3808465}.Release|x64.Build.0 = Release|x64
		{EBF0117F-CC3A-4FD0-976D-EFB9A3808465}.Release|x86.ActiveCfg = Release|Win32
		{EBF0117F-CC3A-4FD0-976D-EFB9A3808465}.Release|x86.Build.0 = Release|Win32
		{1E72E63E-EA5D-4854-BAD3-93E4CB9348D7}.Debug|x64.ActiveCfg = Debug|x64
		{1E72E63E-EA5D-4854-BAD3-93E4CB9348D7}.Debug|x64.Build.0 = Debug|x64
		{1E72E63E-EA5D-4854-BAD3-93E4CB9348D7}.Debug|x86.ActiveCfg = Debug|Win32
		{1E72E63E-EA5D-4854-BAD3-93E4CB9348D7}.Debug|x86.Build.0 = Debug|Win32
		{1E72E63E-EA5D-4854-BAD3-93E4CB9348D7}.Opt No Precompiled Header|x64.ActiveCfg = Debug|x64
		{1E72E63E-EA5D-4854-BAD3-93E4CB9348D7}.Opt No Precompiled Header|x64.Build.0 = Debug|x64
		{1E72E63E-EA5D-4854-BAD3-93E4CB9348D7}.Opt No Precompiled Header|x86.ActiveCfg = Debug|Win32
		{1E72E63E-EA5D-4854-BAD3-93E4CB9348D7}.Opt No Precompiled Header|x86.Build.0 = Debug|Win32
		{1E72E63E-EA5D-4854-BAD3-93E4CB9348D7}.Opt|x64.ActiveCfg = Debug|x64
		{1E72E63E-EA5D-4854-BAD3-93E4CB9348D7}.Opt|x64.Build.0 = Debug|x64
		{1E72E63E-EA5D-4854-BAD3-93E4CB9348D7}.Opt|x86.ActiveCfg = Debug|Win32
		{1E72E63E-EA5D-4854-BAD3-93E4CB9348D7}.Opt|x86.Build.0 = Debug|Win32
		{1E72E63E-EA5D-4854-BAD3-93E4CB9348D7}.Release|x64.ActiveCfg = Release|x64
		{1E72E63E-EA5D-4854-BAD3-93E4CB9348D7}.Release|x64.Build.0 = Release|x64
		{1E72E63E-EA5D-4854-BAD3-93E4CB9348D7}.Release|x86.ActiveCfg = Release|Win32
		{1E72E63E-EA5D-4854-BAD3-93E4CB9348D7}.Release|x86.Build.0 = Release|Win32
		{F80BD947-0D32-4D34-A9E8-EABD5E29CC63}.Debug|x64.ActiveCfg = Debug|x64
		{F80BD947-0D32-4D34-A9E8-EABD5E29CC63}.Debug|x64.Build.0 = Debug|x64
		{F80BD947-0D32-4D34-A9E8-EABD5E29CC63}.Debug|x86.ActiveCfg = Debug|Win32
		{F80BD947-0D32-4D34-A9E8-EABD5E29CC63}.Debug|x86.Build.0 = Debug|Win32
		{F80BD947-0D32-4D34-A9E8-EABD5E29CC63}.Opt No Precompiled Header|x64.ActiveCfg = Debug|x64
		{F80BD947-0D32-4D34-A9E8-EABD5E29CC63}.Opt No Precompiled Header|x64.Build.0 = Debug|x64
		{F80BD947-0D32-4D34-A9E8-EABD5E29CC63}.Opt No Precompiled Header|x86.ActiveCfg = Debug|Win32
		{F80BD947-0D32-4D34-A9E8-EABD5E29CC63}.Opt No Precompiled Header|x86.Build.0 = Debug|Win32
		{F80BD947-0D32-4D34-A9E8-EABD5E29CC63}.Opt|x64.ActiveCfg = Debug|x64
		{F80BD947-0D32-4D34-A9E8-EABD5E29CC63}.Opt|x64.Build.0 = Debug|x64
		{F80BD947-0D32-4D34-A9E8-EABD5E29CC63}.Opt|x86.ActiveCfg = Debug|Win32
		{F80BD947-0D32-4D34-A9E8-EABD5E29CC63}.Opt|x86.Build.0 = Debug|Win32
		{F80BD947-0D32-4D34-A9E8-EABD5E29CC63}.Release|x64.ActiveCfg = Release|x64
		{F80BD947-0D32-4D34-A9E8-EABD5E29CC63}.Release|x64.Build.0 = Release|x64
		{F80BD947-0D32-4D34-A9E8-EABD5E29CC63}.Release|x86.ActiveCfg = Release|Win32
		{F80BD947-0D32-4D34-A9E8-EABD5E29CC63}.Release|x86.Build.0 = Release|Win32
		{DF4BCEB3-9315-4E6D-B692-8465D31E247F}.Debug|x64.ActiveCfg = Debug|x64
		{DF4BCEB3-9315-4E6D-B692-8465D31E247F}.Debug|x64.Build.0 = Debug|x64
		{DF4BCEB3-9315-4E6D-B692-8465D31E247F}.Debug|x86.ActiveCfg = Debug|Win32
		{DF4BCEB3-9315-4E6D-B692-8465D31E247F}.Debug|x86.Build.0 = Debug|Win32
		{DF4BCEB3-9315-4E6D-B692-8465D31E247F}.Opt No Precompiled Header|x64.ActiveCfg = Debug|x64
		{DF4BCEB3-9315-4E6D-B692-8465D31E247F}.Opt No Precompiled Header|x64.Build.0 = Debug|x64
		{DF4BCEB3-9315-4E6D-B692-8465D31E247F}.Opt No Precompiled Header|x86.ActiveCfg = Debug|Win32
		{DF4BCEB3-9315-4E6D-B692-8465D31E247F}.Opt No Precompiled Header|x86.Build.0 = Debug|Win32
		{DF4BCEB3-9315-4E6D-B692-8465D31E247F}.Opt|x64.ActiveCfg = Debug|x64
		{DF4BCEB3-9315-4E6D-B692-8465D31E247F}.Opt|x64.Build.0 = Debug|x64
		{DF4BCEB3-9315-4E6D-B692-8465D31E247F}.Opt|x86.ActiveCfg = Debug|Win32
		{DF4BCEB3-9315-4E6D-B692-8465D31E247F}.Opt|x86.Build.0 = Debug|Win32
		{DF4BCEB3-9315-4E6D-B692-8465D31E247F}.Release|x64.ActiveCfg = Release|x64
		{DF4BCEB3-9315-4E6D-B692-8465D31E247F}.Release|x64.Build.0 = Release|x64
		{DF4BCEB3-9315-4E6D-B692-8465D31E247F}.Release|x86.ActiveCfg = Release|Win32
		{DF4BCEB3-9315-4E6D-B692-8465D31E247F}.Release|x86.Build.0 = Release|Win32
		{63F5C73F-6870-4844-8394-A21CF46D9CD3}.Debug|x64.ActiveCfg = Debug|x64
		{63F5C73F-6870-4844-8394-A21CF46D9CD3}.Debug|x64.Build.0 = Debug|x64
		{63F5C73F-6870-4844-8394-A21CF46D9CD3}.Debug|x86.ActiveCfg = Debug|Win32
		{63F5C73F-6870-4844-8394-A21CF46D9CD3}.Debug|x86.Build.0 = Debug|Win32
		{63F5C73F-6870-4844-8394-A21CF46D9CD3}.Opt No Precompiled Header|x64.ActiveCfg = Debug|x64
		{63F5C73F-6870-4844-8394-A21CF46D9CD3}.Opt No Precompiled Header|x64.Build.0 = Debug|x64
		{63F5C73F-6870-4844-8394-A21CF46D9CD3}.Opt No Precompiled Header|x86.ActiveCfg = Debug|Win32
		{63F5C73F-6870-4844-8394-A21CF46D9CD3}.Opt No Precompiled Header|x86.Build.0 = Debug|Win32
		{63F5C73F-6870-4844-8394-A21CF46D9CD3}.Opt|x64.ActiveCfg = Debug|x64
		{63F5C73F-6870-4844-8394-A21CF46D9CD3}.Opt|x64.Build.0 = Debug|x64
		{63F5C73F-6870-4844-8394-A21CF46D9CD3}.Opt|x86.ActiveCfg = Debug|Win32
		{63F5C73F-6870-4844-8394-A21CF46D9CD3}.Opt|x86.Build.0 = Debug|Win32
		{63F5C73F-6870-4844-8394-A21CF46D9CD3}.Release|x64.ActiveCfg = Release|x64
		{63F5C73F-6870-4844-8394-A21CF46D9CD3}.Release|x64.Build.0 = Release|x64
		{63F5C73F-6870-4844-8394-A21CF46D9CD3}.Release|x86.ActiveCfg = Release|Win32
		{63F5C73F-6870-4844-8394-A21CF46D9CD3}.Release|x86.Build.0 = Release|Win32
		{AE77EDC9-793E-4068-B76D-9BDD6752671F}.Debug|x64.ActiveCfg = Debug|x64
		{AE77EDC9-793E-4068-B76D-9BDD6752671F}.Debug|x64.Build.0 = Debug|x64
		{AE77EDC9-793E-4068-B76D-9BDD6752671F}.Debug|x86.ActiveCfg = Debug|Win32
		{AE77EDC9-793E-4068-B76D-9BDD6752671F}.Debug|x86.Build.0 = Debug|Win32
		{AE77EDC9-793E-4068-B76D-9BDD6752671F}.Opt No Precompiled Header|x64.ActiveCfg = Debug|x64
		{AE77EDC9-793E-4068-B76D-9BDD6752671F}.Opt No Precompiled Header|x64.Build.0 = Debug|x64
		{AE77EDC9-793E-4068-B76D-9BDD6752671F}.Opt No Precompiled Header|x86.ActiveCfg = Debug|Win32
		{AE77EDC9-793E-4068-B76D-9BDD6752671F}.Opt No Precompiled Header|x86.Build.0 = Debug|Win32
		{AE77EDC9-793E-4068-B76D-9BDD6752671F}.Opt|x64.ActiveCfg = Debug|x64
		{AE77EDC9-793E-4068-B76D-9BDD6752671F}.Opt|x64.Build.0 = Debug|x64
		{AE77EDC9-793E-4068-B76D-9BDD6752671F}.Opt|x86.ActiveCfg = Debug|Win32
		{AE77EDC9-793E-4068-B76D-9BDD6752671F}.Opt|x86.Build.0 = Debug|Win32
		{AE77EDC9-793E-4068-B76D-9BDD6752671F}.Release|x64.ActiveCfg = Release|x64
		{AE77EDC9-793E-4068-B76D-9BDD6752671F}.Release|x64.Build.0 = Release|x64
		{AE77EDC9-793E-4068-B76D-9BDD6752671F}.Release|x86.ActiveCfg = Release|Win32
		{AE77EDC9-793E-4068-B76D-9BDD6752671F}.Release|x86.Build.0 = Release|Win32
		{A04D1DE3-8DD7-40F8-892F-453411770AC9}.Debug|x64.ActiveCfg = Debug|x64
		{A04D1DE3-8DD7-40F8-892F-453411770AC9}.Debug|x64.Build.0 = Debug|x64
		{A04D1DE3-8DD7-40F8-892F-453411770AC9}.Debug|x86.ActiveCfg = Debug|Win32
		{A04D1DE3-8DD7-40F8-892F-453411770AC9}.Debug|x86.Build.0 = Debug|Win32
		{A04D1DE3-8DD7-40F8-892F-453411770AC9}.Opt No Precompiled Header|x64.ActiveCfg = Debug|x64
		{A04D1DE3-8DD7-40F8-892F-453411770AC9}.Opt No Precompiled Header|x64.Build.0 = Debug|x64
		{A04D1DE3-8DD7-40F8-892F-453411770AC9}.Opt No Precompiled Header|x86.ActiveCfg = Debug|Win32
		{A04D1DE3-8DD7-40F8-892F-453411770AC9}.Opt No Precompiled Header|x86.Build.0 = Debug|Win32
		{A04D1DE3-8DD7-40F8-892F-453411770AC9}.Opt|x64.ActiveCfg = Debug|x64
		{A04D1DE3-8DD7-40F8-892F-453411770AC9}.Opt|x64.Build.0 = Debug|x64
		{A04D1DE3-8DD7-40F8-892F-453411770AC9}.Opt|x86.ActiveCfg = Debug|Win32
		{A04D1DE3-8DD7-40F8-892F-453411770AC9}.Opt|x86.Build.0 = Debug|Win32
		{A04D1DE3-8DD7-40F8-892F-453411770AC9}.Release|x64.ActiveCfg = Release|x64
		{A04D1DE3-8DD7-40F8-892F-453411770AC9}.Release|x64.Build.0 = Release|x64
		{A04D1DE3-8DD7-40F8-892F-453411770AC9}.Release|x86.ActiveCfg = Release|Win32
		{A04D1DE3-8DD7-40F8-892F-453411770AC9}.Release|x86.Build.0 = Release|Win32
		{CD44D01F-F0C2-46C9-B700-A4AE556FC39E}.Debug|x64.ActiveCfg = Debug|x64
		{CD44D01F-F0C2-46C9-B700-A4AE556FC39E}.Debug|x64.Build.0 = Debug|x64
		{CD44D01F-F0C2-46C9-B700-A4AE556FC39E}.Debug|x86.ActiveCfg = Debug|Win32
		{CD44D01F-F0C2-46C9-B700-A4AE556FC39E}.Debug|x86.Build.0 = Debug|Win32
		{CD44D01F-F0C2-46C9-B700-A4AE556FC39E}.Opt No Precompiled Header|x64.ActiveCfg = Debug|x64
		{CD44D01F-F0C2-46C9-B700-A4AE556FC39E}.Opt No Precompiled Header|x64.Build.0 = Debug|x64
		{CD44D01F-F0C2-46C9-B700-A4AE556FC39E}.Opt No Precompiled Header|x86.ActiveCfg = Debug|Win32
		{CD44D01F-F0C2-46C9-B700-A4AE556FC39E}.Opt No Precompiled Header|x86.Build.0 = Debug|Win32
		{CD44D01F-F0C2-46C9-B700-A4AE556FC39E}.Opt|x64.ActiveCfg = Debug|x64
		{CD44D01F-F0C2-46C9-B700-A4AE556FC39E}.Opt|x64.Build.0 = Debug|x64
		{CD44D01F-F0C2-46C9-B700-A4AE556FC39E}.Opt|x86.ActiveCfg = Debug|Win32
		{CD44D01F-F0C2-46C9-B700-A4AE556FC39E}.Opt|x86.Build.0 = Debug|Win32
		{CD44D01F-F0C2-46C9-B700-A4AE556FC39E}.Release|x64.ActiveCfg = Release|x64
		{CD44D01F-F0C2-46C9-B700-A4AE556FC39E}.Release|x64.Build.0 = Release|x64
		{CD44D01F-F0C2-46C9-B700-A4AE556FC39E}.Release|x86.ActiveCfg = Release|Win32
		{CD44D01F-F0C2-46C9-B700-A4AE556FC39E}.Release|x86.Build.0 = Release|Win32
		{8A8C9E3C-22C9-4821-A237-E681FF5B13A3}.Debug|x64.ActiveCfg = Debug|x64
		{8A8C9E3C-22C9-4821-A237-E681FF5B13A3}.Debug|x64.Build.0 = Debug|x64
		{8A8C9E3C-22C9-4821-A237-E681FF5B13A3}.Debug|x86.ActiveCfg = Debug|Win32
		{8A8C9E3C-22C9-4821-A237-E681FF5B13A3}.Debug|x86.Build.0 = Debug|Win32
		{8A8C9E3C-22C9-4821-A237-E681FF5B13A3}.Opt No Precompiled Header|x64.ActiveCfg = Debug|x64
		{8A8C9E3C-22C9-4821-A237-E681FF5B13A3}.Opt No Precompiled Header|x64.Build.0 = Debug|x64
		{8A8C9E3C-22C9-4821-A237-E681FF5B13A3}.Opt No Precompiled Header|x86.ActiveCfg = Debug|Win32
		{8A8C9E3C-22C9-4821-A237-E681FF5B13A3}.Opt No Precompiled Header|x86.Build.0 = Debug|Win32
		{8A8C9E3C-22C9-4821-A237-E681FF5B13A3}.Opt|x64.ActiveCfg = Debug|x64
		{8A8C9E3C-22C9-4821-A237-E681FF5B13A3}.Opt|x64.Build.0 = Debug|x64
		{8A8C9E3C-22C9-4821-A237-E681FF5B13A3}.Opt|x86.ActiveCfg = Debug|Win32
		{8A8C9E3C-22C9-4821-A237-E681FF5B13A3}.Opt|x86.Build.0 = Debug|Win32
		{8A8C9E3C-22C9-4821-A237-E681FF5B13A3}.Release|x64.ActiveCfg = Release|x64
		{8A8C9E3C-22C9-4821-A237-E681FF5B13A3}.Release|x64.Build.0 = Release|x64
		{8A8C9E3C-22C9-4821-A237-E681FF5B13A3}.Release|x86.ActiveCfg = Release|Win32
		{8A8C9E3C-22C9-4821-A237-E681FF5B13A3}.Release|x86.Build.0 = Release|Win32
		{191985A6-91C9-4037-88B0-CF9EF344062B}.Debug|x64.ActiveCfg = Debug|x64
		{191985A6-91C9-4037-88B0-CF9EF344062B}.Debug|x64.Build.0 = Debug|x64
		{191985A6-91C9-4037-88B0-CF9EF344062B}.Debug|x86.ActiveCfg = Debug|Win32
		{191985A6-91C9-4037-88B0-CF9EF344062B}.Debug|x86.Build.0 = Debug|Win32
		{191985A6-91C9-4037-88B0-CF9EF344062B}.Opt No Precompiled Header|x64.ActiveCfg = Debug|x64
		{191985A6-91C9-4037-88B0-CF9EF344062B}.Opt No Precompiled Header|x64.Build.0 = Debug|x64
		{191985A6-91C9-4037-88B0-CF9EF344062B}.Opt No Precompiled Header|x86.ActiveCfg = Debug|Win32
		{191985A6-91C9-4037-88B0-CF9EF344062B}.Opt No Precompiled Header|x86.Build.0 = Debug|Win32
		{191985A6-91C9-4037-88B0-CF9EF344062B}.Opt|x64.ActiveCfg = Debug|x64
		{191985A6-91C9-4037-88B0-CF9EF344062B}.Opt|x64.Build.0 = Debug|x64
		{191985A6-91C9-4037-88B0-CF9EF344062B}.Opt|x86.ActiveCfg = Debug|Win32
		{191985A6-91C9-4037-88B0-CF9EF344062B}.Opt|x86.Build.0 = Debug|Win32
		{191985A6-91C9-4037-88B0-CF9EF344062B}.Release|x64.ActiveCfg = Release|x64
		{191985A6-91C9-4037-88B0-CF9EF344062B}.Release|x64.Build.0 = Release|x64
		{191985A6-91C9-4037-88B0-CF9EF344062B}.Release|x86.ActiveCfg = Release|Win32
		{191985A6-91C9-4037-88B0-CF9EF344062B}.Release|x86.Build.0 = Release|Win32
		{097383B4-247D-423A-A33E-131AC4EE4A0E}.Debug|x64.ActiveCfg = Debug|x64
		{097383B4-247D-423A-A33E-131AC4EE4A0E}.Debug|x64.Build.0 = Debug|x64
		{097383B4-247D-423A-A33E-131AC4EE4A0E}.Debug|x86.ActiveCfg = Debug|Win32
		{097383B4-247D-423A-A33E-131AC4EE4A0E}.Debug|x86.Build.0 = Debug|Win32
		{097383B4-247D-423A-A33E-131AC4EE4A0E}.Opt No Precompiled Header|x64.ActiveCfg = Debug|x64
		{097383B4-247D-423A-A33E-131AC4EE4A0E}.Opt No Precompiled Header|x64.Build.0 = Debug|x64
		{097383B4-247D-423A-A33E-131AC4EE4A0E}.Opt No Precompiled Header|x86.ActiveCfg = Debug|Win32
		{097383B4-247D-423A-A33E-131AC4EE4A0E}.Opt No Precompiled Header|x86.Build.0 = Debug|Win32
		{097383B4-247D-423A-A33E-131AC4EE4A0E}.Opt|x64.ActiveCfg = Debug|x64
		{097383B4-247D-423A-A33E-131AC4EE4A0E}.Opt|x64.Build.0 = Debug|x64
		{097383B4-247D-423A-A33E-131AC4EE4A0E}.Opt|x86.ActiveCfg = Debug|Win32
		{097383B4-247D-423A-A33E-131AC4EE4A0E}.Opt|x86.Build.0 = Debug|Win32
		{097383B4-247D-423A-A33E-131AC4EE4A0E}.Release|x64.ActiveCfg = Release|x64
		{097383B4-247D-423A-A33E-131AC4EE4A0E}.Release|x64.Build.0 = Release|x64
		{097383B4-247D-423A-A33E-131AC4EE4A0E}.Release|x86.ActiveCfg = Release|Win32
		{097383B4-247D-423A-A33E-131AC4EE4A0E}.Release|x86.Build.0 = Release|Win32
		{5403E436-E42C-4861-BDBA-B028F36D83C3}.Debug|x64.ActiveCfg = Debug|x64
		{5403E436-E42C-4861-BDBA-B028F36D83C3}.Debug|x64.Build.0 = Debug|x64
		{5403E436-E42C-4861-BDBA-B028F36D83C3}.Debug|x86.ActiveCfg = Debug|Win32
		{5403E436-E42C-4861-BDBA-B028F36D83C3}.Debug|x86.Build.0 = Debug|Win32
		{5403E436-E42C-4861-BDBA-B028F36D83C3}.Opt No Precompiled Header|x64.ActiveCfg = Debug|x64
		{5403E436-E42C-4861-BDBA-B028F36D83C3}.Opt No Precompiled Header|x64.Build.0 = Debug|x64
		{5403E436-E42C-4861-BDBA-B028F36D83C3}.Opt No Precompiled Header|x86.ActiveCfg = Debug|Win32
		{5403E436-E42C-4861-BDBA-B028F36D83C3}.Opt No Precompiled Header|x86.Build.0 = Debug|Win32
		{5403E436-E42C-4861-BDBA-B028F36D83C3}.Opt|x64.ActiveCfg = Debug|x64
		{5403E436-E42C-4861-BDBA-B028F36D83C3}.Opt|x64.Build.0 = Debug|x64
		{5403E436-E42C-4861-BDBA-B028F36D83C3}.Opt|x86.ActiveCfg = Debug|Win32
		{5403E436-E42C-4861-BDBA-B028F36D83C3}.Opt|x86.Build.0 = Debug|Win32
		{5403E436-E42C-4861-BDBA-B028F36D83C3}.Release|x64.ActiveCfg = Release|x64
		{5403E436-E42C-4861-BDBA-B028F36D83C3}.Release|x64.Build.0 = Release|x64
		{5403E436-E42C-4861-BDBA-B028F36D83C3}.Release|x86.ActiveCfg = Release|Win32
		{5403E436-E42C-4861-BDBA-B028F36D83C3}.Release|x86.Build.0 = Release|Win32
		{E033AF7B-4962-423C-B95E-34B15EB415D9}.Debug|x64.ActiveCfg = Debug|x64
		{E033AF7B-4962-423C-B95E-34B15EB415D9}.Debug|x64.Build.0 = Debug|x64
		{E033AF7B-4962-423C-B95E-34B15EB415D9}.Debug|x86.ActiveCfg = Debug|Win32
		{E033AF7B-4962-423C-B95E-34B15EB415D9}.Debug|x86.Build.0 = Debug|Win32
		{E033AF7B-4962-423C-B95E-34B15EB415D9}.Opt No Precompiled Header|x64.ActiveCfg = Debug|x64
		{E033AF7B-4962-423C-B95E-34B15EB415D9}.Opt No Precompiled Header|x64.Build.0 = Debug|x64
		{E033AF7B-4962-423C-B95E-34B15EB415D9}.Opt No Precompiled Header|x86.ActiveCfg = Debug|Win32
		{E033AF7B-4962-423C-B95E-34B15EB415D9}.Opt No Precompiled Header|x86.Build.0 = Debug|Win32
		{E033AF7B-4962-423C-B95E-34B15EB415D9}.Opt|x64.ActiveCfg = Debug|x64
		{E033AF7B-4962-423C-B95E-34B15EB415D9}.Opt|x64.Build.0 = Debug|x64
		{E033AF7B-4962-423C-B95E-34B15EB415D9}.Opt|x86.ActiveCfg = Debug|Win32
		{E033AF7B-4962-423C-B95E-34B15EB415D9}.Opt|x86.Build.0 = Debug|Win32
		{E033AF7B-4962-423C-B95E-34B15EB415D9}.Release|x64.ActiveCfg = Release|x64
		{E033AF7B-4962-423C-B95E-34B15EB415D9}.Release|x64.Build.0 = Release|x64
		{E033AF7B-4962-423C-B95E-34B15EB415D9}.Release|x86.ActiveCfg = Release|Win32
		{E033AF7B-4962-423C-B95E-34B15EB415D9}.Release|x86.Build.0 = Release|Win32
		{31B74392-2BCD-4894-9F3C-254A36758F41}.Debug|x64.ActiveCfg = Debug|x64
		{31B74392-2BCD-4894-9F3C-254A36758F41}.Debug|x64.Build.0 = Debug|x64
		{31B74392-2BCD-4894-9F3C-254A36758F41}.Debug|x86.ActiveCfg = Debug|Win32
		{31B74392-2BCD-4894-9F3C-254A36758F41}.Debug|x86.Build.0 = Debug|Win32
		{31B74392-2BCD-4894-9F3C-254A36758F41}.Opt No Precompiled Header|x64.ActiveCfg = Debug|x64
		{31B74392-2BCD-4894-9F3C-254A36758F41}.Opt No Precompiled Header|x64.Build.0 = Debug|x64
		{31B74392-2BCD-4894-9F3C-254A36758F41}.Opt No Precompiled Header|x86.ActiveCfg = Debug|Win32
		{31B74392-2BCD-4894-9F3C-254A36758F41}.Opt No Precompiled Header|x86.Build.0 = Debug|Win32
		{31B74392-2BCD-4894-9F3C-254A36758F41}.Opt|x64.ActiveCfg = Debug|x64
		{31B74392-2BCD-4894-9F3C-254A36758F41}.Opt|x64.Build.0 = Debug|x64
		{31B74392-2BCD-4894-9F3C-254A36758F41}.Opt|x86.ActiveCfg = Debug|Win32
		{31B74392-2BCD-4894-9F3C-254A36758F41}.Opt|x86.Build.0 = Debug|Win32
		{31B74392-2BCD-4894-9F3C-254A36758F41}.Release|x64.ActiveCfg = Release|x64
		{31B74392-2BCD-4894-9F3C-254A36758F41}.Release|x64.Build.0 = Release|x64
		{31B74392-2BCD-4894-9F3C-254A36758F41}.Release|x86.ActiveCfg = Release|Win32
		{31B74392-2BCD-4894-9F3C-254A36758F41}.Release|x86.Build.0 = Release|Win32
		{570F4C19-CCBE-4047-B667-A608302CB6A3}.Debug|x64.ActiveCfg = Debug|x64
		{570F4C19-CCBE-4047-B667-A608302CB6A3}.Debug|x64.Build.0 = Debug|x64
		{570F4C19-CCBE-4047-B667-A608302CB6A3}.Debug|x86.ActiveCfg = Debug|Win32
		{570F4C19-CCBE-4047-B667-A608302CB6A3}.Debug|x86.Build.0 = Debug|Win32
		{570F4C19-CCBE-4047-B667-A608302CB6A3}.Opt No Precompiled Header|x64.ActiveCfg = Debug|x64
		{570F4C19-CCBE-4047-B667-A608302CB6A3}.Opt No Precompiled Header|x64.Build.0 = Debug|x64
		{570F4C19-CCBE-4047-B667-A608302CB6A3}.Opt No Precompiled Header|x86.ActiveCfg = Debug|Win32
		{570F4C19-CCBE-4047-B667-A608302CB6A3}.Opt No Precompiled Header|x86.Build.0 = Debug|Win32
		{570F4C19-CCBE-4047-B667-A608302CB6A3}.Opt|x64.ActiveCfg = Debug|x64
		{570F4C19-CCBE-4047-B667-A608302CB6A3}.Opt|x64.Build.0 = Debug|x64
		{570F4C19-CCBE-4047-B667-A608302CB6A3}.Opt|x86.ActiveCfg = Debug|Win32
		{570F4C19-CCBE-4047-B667-A608302CB6A3}.Opt|x86.Build.0 = Debug|Win32
		{570F4C19-CCBE-4047-B667-A608302CB6A3}.Release|x64.ActiveCfg = Release|x64
		{570F4C19-CCBE-4047-B667-A608302CB6A3}.Release|x64.Build.0 = Release|x64
		{570F4C19-CCBE-4047-B667-A608302CB6A3}.Release|x86.ActiveCfg = Release|Win32
		{570F4C19-CCBE-4047-B667-A608302CB6A3}.Release|x86.Build.0 = Release|Win32
		{C996B5C6-6CD4-46C3-BE81-FA82B76730FB}.Debug|x64.ActiveCfg = Debug|x64
		{C996B5C6-6CD4-46C3-BE81-FA82B76730FB}.Debug|x64.Build.0 = Debug|x64
		{C996B5C6-6CD4-46C3-BE81-FA82B76730FB}.Debug|x86.ActiveCfg = Debug|Win32
		{C996B5C6-6CD4-46C3-BE81-FA82B76730FB}.Debug|x86.Build.0 = Debug|Win32
		{C996B5C6-6CD4-46C3-BE81-FA82B76730FB}.Opt No Precompiled Header|x64.ActiveCfg = Debug|x64
		{C996B5C6-6CD4-46C3-BE81-FA82B76730FB}.Opt No Precompiled Header|x64.Build.0 = Debug|x64
		{C996B5C6-6CD4-46C3-BE81-FA82B76730FB}.Opt No Precompiled Header|x86.ActiveCfg = Debug|Win32
		{C996B5C6-6CD4-46C3-BE81-FA82B76730FB}.Opt No Precompiled Header|x86.Build.0 = Debug|Win32
		{C996B5C6-6CD4-46C3-BE81-FA82B76730FB}.Opt|x64.ActiveCfg = Debug|x64
		{C996B5C6-6CD4-46C3-BE81-FA82B76730FB}.Opt|x64.Build.0 = Debug|x64
		{C996B5C6-6CD4-46C3-BE81-FA82B76730FB}.Opt|x86.ActiveCfg = Debug|Win32
		{C996B5C6-6CD4-46C3-BE81-FA82B76730FB}.Opt|x86.Build.0 = Debug|Win32
		{C996B5C6-6CD4-46C3-BE81-FA82B76730FB}.Release|x64.ActiveCfg = Release|x64
		{C996B5C6-6CD4-46C3-BE81-FA82B76730FB}.Release|x64.Build.0 = Release|x64
		{C996B5C6-6CD4-46C3-BE81-FA82B76730FB}.Release|x86.ActiveCfg = Release|Win32
		{C996B5C6-6CD4-46C3-BE81-FA82B76730FB}.Release|x86.Build.0 = Release|Win32
		{5FE18B0D-BAAB-48E3-B9DE-2813CFDD8AC3}.Debug|x64.ActiveCfg = Debug|x64
		{5FE18B0D-BAAB-48E3-B9DE-2813CFDD8AC3}.Debug|x64.Build.0 = Debug|x64
		{5FE18B0D-BAAB-48E3-B9DE-2813CFDD8AC3}.Debug|x86.ActiveCfg = Debug|Win32
		{5FE18B0D-BAAB-48E3-B9DE-2813CFDD8AC3}.Debug|x86.Build.0 = Debug|Win32
		{5FE18B0D-BAAB-48E3-B9DE-2813CFDD8AC3}.Opt No Precompiled Header|x64.ActiveCfg = Debug|x64
		{5FE18B0D-BAAB-48E3-B9DE-2813CFDD8AC3}.Opt No Precompiled Header|x64.Build.0 = Debug|x64
		{5FE18B0D-BAAB-48E3-B9DE-2813CFDD8AC3}.Opt No Precompiled Header|x86.ActiveCfg = Debug|Win32
		{5FE18B0D-BAAB-48E3-B9DE-2813CFDD8AC3}.Opt No Precompiled Header|x86.Build.0 = Debug|Win32
		{5FE18B0D-BAAB-48E3-B9DE-2813CFDD8AC3}.Opt|x64.ActiveCfg = Debug|x64
		{5FE18B0D-BAAB-48E3-B9DE-2813CFDD8AC3}.Opt|x64.Build.0 = Debug|x64
		{5FE18B0D-BAAB-48E3-B9DE-2813CFDD8AC3}.Opt|x86.ActiveCfg = Debug|Win32
		{5FE18B0D-BAAB-48E3-B9DE-2813CFDD8AC3}.Opt|x86.Build.0 = Debug|Win32
		{5FE18B0D-BAAB-48E3-B9DE-2813CFDD8AC3}.Release|x64.ActiveCfg = Release|x64
		{5FE18B0D-BAAB-48E3-B9DE-2813CFDD8AC3}.Release|x64.Build.0 = Release|x64
		{5FE18B0D-BAAB-48E3-B9DE-2813CFDD8AC3}.Release|x86.ActiveCfg = Release|Win32
		{5FE18B0D-BAAB-48E3-B9DE-2813CFDD8AC3}.Release|x86.Build.0 = Release|Win32
		{D894F5EE-032C-4BEC-8941-4260B2BB6D81}.Debug|x64.ActiveCfg = Debug|x64
		{D894F5EE-032C-4BEC-8941-4260B2BB6D81}.Debug|x64.Build.0 = Debug|x64
		{D894F5EE-032C-4BEC-8941-4260B2BB6D81}.Debug|x86.ActiveCfg = Debug|Win32
		{D894F5EE-032C-4BEC-8941-4260B2BB6D81}.Debug|x86.Build.0 = Debug|Win32
		{D894F5EE-032C-4BEC-8941-4260B2BB6D81}.Opt No Precompiled Header|x64.ActiveCfg = Debug|x64
		{D894F5EE-032C-4BEC-8941-4260B2BB6D81}.Opt No Precompiled Header|x64.Build.0 = Debug|x64
		{D894F5EE-032C-4BEC-8941-4260B2BB6D81}.Opt No Precompiled Header|x86.ActiveCfg = Debug|Win32
		{D894F5EE-032C-4BEC-8941-4260B2BB6D81}.Opt No Precompiled Header|x86.Build.0 = Debug|Win32
		{D894F5EE-032C-4BEC-8941-4260B2BB6D81}.Opt|x64.ActiveCfg = Debug|x64
		{D894F5EE-032C-4BEC-8941-4260B2BB6D81}.Opt|x64.Build.0 = Debug|x64
		{D894F5EE-032C-4BEC-8941-4260B2BB6D81}.Opt|x86.ActiveCfg = Debug|Win32
		{D894F5EE-032C-4BEC-8941-4260B2BB6D81}.Opt|x86.Build.0 = Debug|Win32
		{D894F5EE-032C-4BEC-8941-4260B2BB6D81}.Release|x64.ActiveCfg = Release|x64
		{D894F5EE-032C-4BEC-8941-4260B2BB6D81}.Release|x64.Build.0 = Release|x64
		{D894F5EE-032C-4BEC-8941-4260B2BB6D81}.Release|x86.ActiveCfg = Release|Win32
		{D894F5EE-032C-4BEC-8941-4260B2BB6D81}.Release|x86.Build.0 = Release|Win32
		{E78411D7-24A3-4D5A-8C08-9DEA3CAFDB6F}.Debug|x64.ActiveCfg = Debug|x64
		{E78411D7-24A3-4D5A-8C08-9DEA3CAFDB6F}.Debug|x64.Build.0 = Debug|x64
		{E78411D7-24A3-4D5A-8C08-9DEA3CAFDB6F}.Debug|x86.ActiveCfg = Debug|Win32
		{E78411D7-24A3-4D5A-8C08-9DEA3CAFDB6F}.Debug|x86.Build.0 = Debug|Win32
		{E78411D7-24A3-4D5A-8C08-9DEA3CAFDB6F}.Opt No Precompiled Header|x64.ActiveCfg = Debug|x64
		{E78411D7-24A3-4D5A-8C08-9DEA3CAFDB6F}.Opt No Precompiled Header|x64.Build.0 = Debug|x64
		{E78411D7-24A3-4D5A-8C08-9DEA3CAFDB6F}.Opt No Precompiled Header|x86.ActiveCfg = Debug|Win32
		{E78411D7-24A3-4D5A-8C08-9DEA3CAFDB6F}.Opt No Precompiled Header|x86.Build.0 = Debug|Win32
		{E78411D7-24A3-4D5A-8C08-9DEA3CAFDB6F}.Opt|x64.ActiveCfg = Debug|x64
		{E78411D7-24A3-4D5A-8C08-9DEA3CAFDB6F}.Opt|x64.Build.0 = Debug|x64
		{E78411D7-24A3-4D5A-8C08-9DEA3CAFDB6F}.Opt|x86.ActiveCfg = Debug|Win32
		{E78411D7-24A3-4D5A-8C08-9DEA3CAFDB6F}.Opt|x86.Build.0 = Debug|Win32
		{E78411D7-24A3-4D5A-8C08-9DEA3CAFDB6F}.Release|x64.ActiveCfg = Release|x64
		{E78411D7-24A3-4D5A-8C08-9DEA3CAFDB6F}.Release|x64.Build.0 = Release|x64
		{E78411D7-24A3-4D5A-8C08-9DEA3CAFDB6F}.Release|x86.ActiveCfg = Release|Win32
		{E78411D7-24A3-4D5A-8C08-9DEA3CAFDB6F}.Release|x86.Build.0 = Release|Win32
		{ECA31CEF-7D14-4D9A-8F41-227C604DC323}.Debug|x64.ActiveCfg = Debug|x64
		{ECA31CEF-7D14-4D9A-8F41-227C604DC323}.Debug|x64.Build.0 = Debug|x64
		{ECA31CEF-7D14-4D9A-8F41-227C604DC323}.Debug|x86.ActiveCfg = Debug|Win32
		{ECA31CEF-7D14-4D9A-8F41-227C604DC323}.Debug|x86.Build.0 = Debug|Win32
		{ECA31CEF-7D14-4D9A-8F41-227C604DC323}.Opt No Precompiled Header|x64.ActiveCfg = Debug|x64
		{ECA31CEF-7D14-4D9A-8F41-227C604DC323}.Opt No Precompiled Header|x64.Build.0 = Debug|x64
		{ECA31CEF-7D14-4D9A-8F41-227C604DC323}.Opt No Precompiled Header|x86.ActiveCfg = Debug|Win32
		{ECA31CEF-7D14-4D9A-8F41-227C604DC323}.Opt No Precompiled Header|x86.Build.0 = Debug|Win32
		{ECA31CEF-7D14-4D9A-8F41-227C604DC323}.Opt|x64.ActiveCfg = Debug|x64
		{ECA31CEF-7D14-4D9A-8F41-227C604DC323}.Opt|x64.Build.0 = Debug|x64
		{ECA31CEF-7D14-4D9A-8F41-227C604DC323}.Opt|x86.ActiveCfg = Debug|Win32
		{ECA31CEF-7D14-4D9A-8F41-227C604DC323}.Opt|x86.Build.0 = Debug|Win32
		{ECA31CEF-7D14-4D9A-8F41-227C604DC323}.Release|x64.ActiveCfg = Release|x64
		{ECA31CEF-7D14-4D9A-8F41-227C604DC323}.Release|x64.Build.0 = Release|x64
		{ECA31CEF-7D14-4D9A-8F41-227C604DC323}.Release|x86.ActiveCfg = Release|Win32
		{ECA31CEF-7D14-4D9A-8F41-227C604DC323}.Release|x86.Build.0 = Release|Win32
		{AA0F9B1F-8C6B-42DF-9DC8-52DCB5966B0C}.Debug|x64.ActiveCfg = Debug|x64
		{AA0F9B1F-8C6B-42DF-9DC8-52DCB5966B0C}.Debug|x64.Build.0 = Debug|x64
		{AA0F9B1F-8C6B-42DF-9DC8-52DCB5966B0C}.Debug|x86.ActiveCfg = Debug|Win32
		{AA0F9B1F-8C6B-42DF-9DC8-52DCB5966B0C}.Debug|x86.Build.0 = Debug|Win32
		{AA0F9B1F-8C6B-42DF-9DC8-52DCB5966B0C}.Opt No Precompiled Header|x64.ActiveCfg = Debug|x64
		{AA0F9B1F-8C6B-42DF-9DC8-52DCB5966B0C}.Opt No Precompiled Header|x64.Build.0 = Debug|x64
		{AA0F9B1F-8C6B-42DF-9DC8-52DCB5966B0C}.Opt No Precompiled Header|x86.ActiveCfg = Debug|Win32
		{AA0F9B1F-8C6B-42DF-9DC8-52DCB5966B0C}.Opt No Precompiled Header|x86.Build.0 = Debug|Win32
		{AA0F9B1F-8C6B-42DF-9DC8-52DCB5966B0C}.Opt|x64.ActiveCfg = Debug|x64
		{AA0F9B1F-8C6B-42DF-9DC8-52DCB5966B0C}.Opt|x64.Build.0 = Debug|x64
		{AA0F9B1F-8C6B-42DF-9DC8-52DCB5966B0C}.Opt|x86.ActiveCfg = Debug|Win32
		{AA0F9B1F-8C6B-42DF-9DC8-52DCB5966B0C}.Opt|x86.Build.0 = Debug|Win32
		{AA0F9B1F-8C6B-42DF-9DC8-52DCB5966B0C}.Release|x64.ActiveCfg = Release|x64
		{AA0F9B1F-8C6B-42DF-9DC8-52DCB5966B0C}.Release|x64.Build.0 = Release|x64
		{AA0F9B1F-8C6B-42DF-9DC8-52DCB5966B0C}.Release|x86.ActiveCfg = Release|Win32
		{AA0F9B1F-8C6B-42DF-9DC8-52DCB5966B0C}.Release|x86.Build.0 = Release|Win32
		{587EDEA3-108F-45E5-9559-3383C09B2736}.Debug|x64.ActiveCfg = Debug|x64
		{587EDEA3-108F-45E5-9559-3383C09B2736}.Debug|x64.Build.0 = Debug|x64
		{587EDEA3-108F-45E5-9559-3383C09B2736}.Debug|x86.ActiveCfg = Debug|Win32
		{587EDEA3-108F-45E5-9559-3383C09B2736}.Debug|x86.Build.0 = Debug|Win32
		{587EDEA3-108F-45E5-9559-3383C09B2736}.Opt No Precompiled Header|x64.ActiveCfg = Debug|x64
		{587EDEA3-108F-45E5-9559-3383C09B2736}.Opt No Precompiled Header|x64.Build.0 = Debug|x64
		{587EDEA3-108F-45E5-9559-3383C09B2736}.Opt No Precompiled Header|x86.ActiveCfg = Debug|Win32
		{587EDEA3-108F-45E5-9559-3383C09B2736}.Opt No Precompiled Header|x86.Build.0 = Debug|Win32
		{587EDEA3-108F-45E5-9559-3383C09B2736}.Opt|x64.ActiveCfg = Debug|x64
		{587EDEA3-108F-45E5-9559-3383C09B2736}.Opt|x64.Build.0 = Debug|x64
		{587EDEA3-108F-45E5-9559-3383C09B2736}.Opt|x86.ActiveCfg = Debug|Win32
		{587EDEA3-108F-45E5-9559-3383C09B2736}.Opt|x86.Build.0 = Debug|Win32
		{587EDEA3-108F-45E5-9559-3383C09B2736}.Release|x64.ActiveCfg = Release|x64
		{587EDEA3-108F-45E5-9559-3383C09B2736}.Release|x64.Build.0 = Release|x64
		{587EDEA3-108F-45E5-9559-3383C09B2736}.Release|x86.ActiveCfg = Release|Win32
		{587EDEA3-108F-45E5-9559-3383C09B2736}.Release|x86.Build.0 = Release|Win32
		{E7FFC0A1-3461-4C7A-84DD-AD84D153D6D7}.Debug|x64.ActiveCfg = Debug|x64
		{E7FFC0A1-3461-4C7A-84DD-AD84D153D6D7}.Debug|x64.Build.0 = Debug|x64
		{E7FFC0A1-3461-4C7A-84DD-AD84D153D6D7}.Debug|x86.ActiveCfg = Debug|Win32
		{E7FFC0A1-3461-4C7A-84DD-AD84D153D6D7}.Debug|x86.Build.0 = Debug|Win32
		{E7FFC0A1-3461-4C7A-84DD-AD84D153D6D7}.Opt No Precompiled Header|x64.ActiveCfg = Debug|x64
		{E7FFC0A1-3461-4C7A-84DD-AD84D153D6D7}.Opt No Precompiled Header|x64.Build.0 = Debug|x64
		{E7FFC0A1-3461-4C7A-84DD-AD84D153D6D7}.Opt No Precompiled Header|x86.ActiveCfg = Debug|Win32
		{E7FFC0A1-3461-4C7A-84DD-AD84D153D6D7}.Opt No Precompiled Header|x86.Build.0 = Debug|Win32
		{E7FFC0A1-3461-4C7A-84DD-AD84D153D6D7}.Opt|x64.ActiveCfg = Debug|x64
		{E7FFC0A1-3461-4C7A-84DD-AD84D153D6D7}.Opt|x64.Build.0 = Debug|x64
		{E7FFC0A1-3461-4C7A-84DD-AD84D153D6D7}.Opt|x86.ActiveCfg = Debug|Win32
		{E7FFC0A1-3461-4C7A-84DD-AD84D153D6D7}.Opt|x86.Build.0 = Debug|Win32
		{E7FFC0A1-3461-4C7A-84DD-AD84D153D6D7}.Release|x64.ActiveCfg = Release|x64
		{E7FFC0A1-3461-4C7A-84DD-AD84D153D6D7}.Release|x64.Build.0 = Release|x64
		{E7FFC0A1-3461-4C7A-84DD-AD84D153D6D7}.Release|x86.ActiveCfg = Release|Win32
		{E7FFC0A1-3461-4C7A-84DD-AD84D153D6D7}.Release|x86.Build.0 = Release|Win32
		{85F86AA5-85A9-479D-BDED-74EF0D7E34DD}.Debug|x64.ActiveCfg = Debug|x64
		{85F86AA5-85A9-479D-BDED-74EF0D7E34DD}.Debug|x64.Build.0 = Debug|x64
		{85F86AA5-85A9-479D-BDED-74EF0D7E34DD}.Debug|x86.ActiveCfg = Debug|Win32
		{85F86AA5-85A9-479D-BDED-74EF0D7E34DD}.Debug|x86.Build.0 = Debug|Win32
		{85F86AA5-85A9-479D-BDED-74EF0D7E34DD}.Opt No Precompiled Header|x64.ActiveCfg = Debug|x64
		{85F86AA5-85A9-479D-BDED-74EF0D7E34DD}.Opt No Precompiled Header|x64.Build.0 = Debug|x64
		{85F86AA5-85A9-479D-BDED-74EF0D7E34DD}.Opt No Precompiled Header|x86.ActiveCfg = Debug|Win32
		{85F86AA5-85A9-479D-BDED-74EF0D7E34DD}.Opt No Precompiled Header|x86.Build.0 = Debug|Win32
		{85F86AA5-85A9-479D-BDED-74EF0D7E34DD}.Opt|x64.ActiveCfg = Debug|x64
		{85F86AA5-85A9-479D-BDED-74EF0D7E34DD}.Opt|x64.Build.0 = Debug|x64
		{85F86AA5-85A9-479D-BDED-74EF0D7E34DD}.Opt|x86.ActiveCfg = Debug|Win32
		{85F86AA5-85A9-479D-BDED-74EF0D7E34DD}.Opt|x86.Build.0 = Debug|Win32
		{85F86AA5-85A9-479D-BDED-74EF0D7E34DD}.Release|x64.ActiveCfg = Release|x64
		{85F86AA5-85A9-479D-BDED-74EF0D7E34DD}.Release|x64.Build.0 = Release|x64
		{85F86AA5-85A9-479D-BDED-74EF0D7E34DD}.Release|x86.ActiveCfg = Release|Win32
		{85F86AA5-85A9-479D-BDED-74EF0D7E34DD}.Release|x86.Build.0 = Release|Win32
		{8095708B-F14B-48BE-A9AD-7F4AD9B9B9AE}.Debug|x64.ActiveCfg = Debug|x64
		{8095708B-F14B-48BE-A9AD-7F4AD9B9B9AE}.Debug|x64.Build.0 = Debug|x64
		{8095708B-F14B-48BE-A9AD-7F4AD9B9B9AE}.Debug|x86.ActiveCfg = Debug|Win32
		{8095708B-F14B-48BE-A9AD-7F4AD9B9B9AE}.Debug|x86.Build.0 = Debug|Win32
		{8095708B-F14B-48BE-A9AD-7F4AD9B9B9AE}.Opt No Precompiled Header|x64.ActiveCfg = Debug|x64
		{8095708B-F14B-48BE-A9AD-7F4AD9B9B9AE}.Opt No Precompiled Header|x64.Build.0 = Debug|x64
		{8095708B-F14B-48BE-A9AD-7F4AD9B9B9AE}.Opt No Precompiled Header|x86.ActiveCfg = Debug|Win32
		{8095708B-F14B-48BE-A9AD-7F4AD9B9B9AE}.Opt No Precompiled Header|x86.Build.0 = Debug|Win32
		{8095708B-F14B-48BE-A9AD-7F4AD9B9B9AE}.Opt|x64.ActiveCfg = Debug|x64
		{8095708B-F14B-48BE-A9AD-7F4AD9B9B9AE}.Opt|x64.Build.0 = Debug|x64
		{8095708B-F14B-48BE-A9AD-7F4AD9B9B9AE}.Opt|x86.ActiveCfg = Debug|Win32
		{8095708B-F14B-48BE-A9AD-7F4AD9B9B9AE}.Opt|x86.Build.0 = Debug|Win32
		{8095708B-F14B-48BE-A9AD-7F4AD9B9B9AE}.Release|x64.ActiveCfg = Release|x64
		{8095708B-F14B-48BE-A9AD-7F4AD9B9B9AE}.Release|x64.Build.0 = Release|x64
		{8095708B-F14B-48BE-A9AD-7F4AD9B9B9AE}.Release|x86.ActiveCfg = Release|Win32
		{8095708B-F14B-48BE-A9AD-7F4AD9B9B9AE}.Release|x86.Build.0 = Release|Win32
		{EAE079BE-8BB6-400D-904F-73F33F3BBA42}.Debug|x64.ActiveCfg = Debug|x64
		{EAE079BE-8BB6-400D-904F-73F33F3BBA42}.Debug|x64.Build.0 = Debug|x64
		{EAE079BE-8BB6-400D-904F-73F33F3BBA42}.Debug|x86.ActiveCfg = Debug|Win32
		{EAE079BE-8BB6-400D-904F-73F33F3BBA42}.Debug|x86.Build.0 = Debug|Win32
		{EAE079BE-8BB6-400D-904F-73F33F3BBA42}.Opt No Precompiled Header|x64.ActiveCfg = Debug|x64
		{EAE079BE-8BB6-400D-904F-73F33F3BBA42}.Opt No Precompiled Header|x64.Build.0 = Debug|x64
		{EAE079BE-8BB6-400D-904F-73F33F3BBA42}.Opt No Precompiled Header|x86.ActiveCfg = Debug|Win32
		{EAE079BE-8BB6-400D-904F-73F33F3BBA42}.Opt No Precompiled Header|x86.Build.0 = Debug|Win32
		{EAE079BE-8BB6-400D-904F-73F33F3BBA42}.Opt|x64.ActiveCfg = Debug|x64
		{EAE079BE-8BB6-400D-904F-73F33F3BBA42}.Opt|x64.Build.0 = Debug|x64
		{EAE079BE-8BB6-400D-904F-73F33F3BBA42}.Opt|x86.ActiveCfg = Debug|Win32
		{EAE079BE-8BB6-400D-904F-73F33F3BBA42}.Opt|x86.Build.0 = Debug|Win32
		{EAE079BE-8BB6-400D-904F-73F33F3BBA42}.Release|x64.ActiveCfg = Release|x64
		{EAE079BE-8BB6-400D-904F-73F33F3BBA42}.Release|x64.Build.0 = Release|x64
		{EAE079BE-8BB6-400D-904F-73F33F3BBA42}.Release|x86.ActiveCfg = Release|Win32
		{EAE079BE-8BB6-400D-904F-73F33F3BBA42}.Release|x86.Build.0 = Release|Win32
		{9124111A-FCA6-426C-9EA5-A1A37B081430}.Debug|x64.ActiveCfg = Debug|x64
		{9124111A-FCA6-426C-9EA5-A1A37B081430}.Debug|x64.Build.0 = Debug|x64
		{9124111A-FCA6-426C-9EA5-A1A37B081430}.Debug|x86.ActiveCfg = Debug|Win32
		{9124111A-FCA6-426C-9EA5-A1A37B081430}.Debug|x86.Build.0 = Debug|Win32
		{9124111A-FCA6-426C-9EA5-A1A37B081430}.Opt No Precompiled Header|x64.ActiveCfg = Debug|x64
		{9124111A-FCA6-426C-9EA5-A1A37B081430}.Opt No Precompiled Header|x64.Build.0 = Debug|x64
		{9124111A-FCA6-426C-9EA5-A1A37B081430}.Opt No Precompiled Header|x86.ActiveCfg = Debug|Win32
		{9124111A-FCA6-426C-9EA5-A1A37B081430}.Opt No Precompiled Header|x86.Build.0 = Debug|Win32
		{9124111A-FCA6-426C-9EA5-A1A37B081430}.Opt|x64.ActiveCfg = Debug|x64
		{9124111A-FCA6-426C-9EA5-A1A37B081430}.Opt|x64.Build.0 = Debug|x64
		{9124111A-FCA6-426C-9EA5-A1A37B081430}.Opt|x86.ActiveCfg = Debug|Win32
		{9124111A-FCA6-426C-9EA5-A1A37B081430}.Opt|x86.Build.0 = Debug|Win32
		{9124111A-FCA6-426C-9EA5-A1A37B081430}.Release|x64.ActiveCfg = Release|x64
		{9124111A-FCA6-426C-9EA5-A1A37B081430}.Release|x64.Build.0 = Release|x64
		{9124111A-FCA6-426C-9EA5-A1A37B081430}.Release|x86.ActiveCfg = Release|Win32
		{9124111A-FCA6-426C-9EA5-A1A37B081430}.Release|x86.Build.0 = Release|Win32
		{3EE12A26-73F6-43C5-A7ED-8E6CEC18E560}.Debug|x64.ActiveCfg = Debug|x64
		{3EE12A26-73F6-43C5-A7ED-8E6CEC18E560}.Debug|x64.Build.0 = Debug|x64
		{3EE12A26-73F6-43C5-A7ED-8E6CEC18E560}.Debug|x86.ActiveCfg = Debug|Win32
		{3EE12A26-73F6-43C5-A7ED-8E6CEC18E560}.Debug|x86.Build.0 = Debug|Win32
		{3EE12A26-73F6-43C5-A7ED-8E6CEC18E560}.Opt No Precompiled Header|x64.ActiveCfg = Debug|x64
		{3EE12A26-73F6-43C5-A7ED-8E6CEC18E560}.Opt No Precompiled Header|x64.Build.0 = Debug|x64
		{3EE12A26-73F6-43C5-A7ED-8E6CEC18E560}.Opt No Precompiled Header|x86.ActiveCfg = Debug|Win32
		{3EE12A26-73F6-43C5-A7ED-8E6CEC18E560}.Opt No Precompiled Header|x86.Build.0 = Debug|Win32
		{3EE12A26-73F6-43C5-A7ED-8E6CEC18E560}.Opt|x64.ActiveCfg = Debug|x64
		{3EE12A26-73F6-43C5-A7ED-8E6CEC18E560}.Opt|x64.Build.0 = Debug|x64
		{3EE12A26-73F6-43C5-A7ED-8E6CEC18E560}.Opt|x86.ActiveCfg = Debug|Win32
		{3EE12A26-73F6-43C5-A7ED-8E6CEC18E560}.Opt|x86.Build.0 = Debug|Win32
		{3EE12A26-73F6-43C5-A7ED-8E6CEC18E560}.Release|x64.ActiveCfg = Release|x64
		{3EE12A26-73F6-43C5-A7ED-8E6CEC18E560}.Release|x64.Build.0 = Release|x64
		{3EE12A26-73F6-43C5-A7ED-8E6CEC18E560}.Release|x86.ActiveCfg = Release|Win32
		{3EE12A26-73F6-43C5-A7ED-8E6CEC18E560}.Release|x86.Build.0 = Release|Win32
		{B67C652C-FA4A-4656-9D96-72AC3712EA0C}.Debug|x64.ActiveCfg = Debug|x64
		{B67C652C-FA4A-4656-9D96-72AC3712EA0C}.Debug|x64.Build.0 = Debug|x64
		{B67C652C-FA4A-4656-9D96-72AC3712EA0C}.Debug|x86.ActiveCfg = Debug|Win32
		{B67C652C-FA4A-4656-9D96-72AC3712EA0C}.Debug|x86.Build.0 = Debug|Win32
		{B67C652C-FA4A-4656-9D96-72AC3712EA0C}.Opt No Precompiled Header|x64.ActiveCfg = Debug|x64
		{B67C652C-FA4A-4656-9D96-72AC3712EA0C}.Opt No Precompiled Header|x64.Build.0 = Debug|x64
		{B67C652C-FA4A-4656-9D96-72AC3712EA0C}.Opt No Precompiled Header|x86.ActiveCfg = Debug|Win32
		{B67C652C-FA4A-4656-9D96-72AC3712EA0C}.Opt No Precompiled Header|x86.Build.0 = Debug|Win32
		{B67C652C-FA4A-4656-9D96-72AC3712EA0C}.Opt|x64.ActiveCfg = Debug|x64
		{B67C652C-FA4A-4656-9D96-72AC3712EA0C}.Opt|x64.Build.0 = Debug|x64
		{B67C652C-FA4A-4656-9D96-72AC3712EA0C}.Opt|x86.ActiveCfg = Debug|Win32
		{B67C652C-FA4A-4656-9D96-72AC3712EA0C}.Opt|x86.Build.0 = Debug|Win32
		{B67C652C-FA4A-4656-9D96-72AC3712EA0C}.Release|x64.ActiveCfg = Release|x64
		{B67C652C-FA4A-4656-9D96-72AC3712EA0C}.Release|x64.Build.0 = Release|x64
		{B67C652C-FA4A-4656-9D96-72AC3712EA0C}.Release|x86.ActiveCfg = Release|Win32
		{B67C652C-FA4A-4656-9D96-72AC3712EA0C}.Release|x86.Build.0 = Release|Win32
		{2289626A-4DFB-4108-98BF-8D9067A65E25}.Debug|x64.ActiveCfg = Debug|x64
		{2289626A-4DFB-4108-98BF-8D9067A65E25}.Debug|x64.Build.0 = Debug|x64
		{2289626A-4DFB-4108-98BF-8D9067A65E25}.Debug|x86.ActiveCfg = Debug|Win32
		{2289626A-4DFB-4108-98BF-8D9067A65E25}.Debug|x86.Build.0 = Debug|Win32
		{2289626A-4DFB-4108-98BF-8D9067A65E25}.Opt No Precompiled Header|x64.ActiveCfg = Debug|x64
		{2289626A-4DFB-4108-98BF-8D9067A65E25}.Opt No Precompiled Header|x64.Build.0 = Debug|x64
		{2289626A-4DFB-4108-98BF-8D9067A65E25}.Opt No Precompiled Header|x86.ActiveCfg = Debug|Win32
		{2289626A-4DFB-4108-98BF-8D9067A65E25}.Opt No Precompiled Header|x86.Build.0 = Debug|Win32
		{2289626A-4DFB-4108-98BF-8D9067A65E25}.Opt|x64.ActiveCfg = Debug|x64
		{2289626A-4DFB-4108-98BF-8D9067A65E25}.Opt|x64.Build.0 = Debug|x64
		{2289626A-4DFB-4108-98BF-8D9067A65E25}.Opt|x86.ActiveCfg = Debug|Win32
		{2289626A-4DFB-4108-98BF-8D9067A65E25}.Opt|x86.Build.0 = Debug|Win32
		{2289626A-4DFB-4108-98BF-8D9067A65E25}.Release|x64.ActiveCfg = Release|x64
		{2289626A-4DFB-4108-98BF-8D9067A65E25}.Release|x64.Build.0 = Release|x64
		{2289626A-4DFB-4108-98BF-8D9067A65E25}.Release|x86.ActiveCfg = Release|Win32
		{2289626A-4DFB-4108-98BF-8D9067A65E25}.Release|x86.Build.0 = Release|Win32
		{3D06B472-90A8-4E70-A33C-E9930F00EEF1}.Debug|x64.ActiveCfg = Debug|x64
		{3D06B472-90A8-4E70-A33C-E9930F00EEF1}.Debug|x64.Build.0 = Debug|x64
		{3D06B472-90A8-4E70-A33C-E9930F00EEF1}.Debug|x86.ActiveCfg = Debug|Win32
		{3D06B472-90A8-4E70-A33C-E9930F00EEF1}.Debug|x86.Build.0 = Debug|Win32
		{3D06B472-90A8-4E70-A33C-E9930F00EEF1}.Opt No Precompiled Header|x64.ActiveCfg = Debug|x64
		{3D06B472-90A8-4E70-A33C-E9930F00EEF1}.Opt No Precompiled Header|x64.Build.0 = Debug|x64
		{3D06B472-90A8-4E70-A33C-E9930F00EEF1}.Opt No Precompiled Header|x86.ActiveCfg = Debug|Win32
		{3D06B472-90A8-4E70-A33C-E9930F00EEF1}.Opt No Precompiled Header|x86.Build.0 = Debug|Win32
		{3D06B472-90A8-4E70-A33C-E9930F00EEF1}.Opt|x64.ActiveCfg = Debug|x64
		{3D06B472-90A8-4E70-A33C-E9930F00EEF1}.Opt|x64.Build.0 = Debug|x64
		{3D06B472-90A8-4E70-A33C-E9930F00EEF1}.Opt|x86.ActiveCfg = Debug|Win32
		{3D06B472-90A8-4E70-A33C-E9930F00EEF1}.Opt|x86.Build.0 = Debug|Win32
		{3D06B472-90A8-4E70-A33C-E9930F00EEF1}.Release|x64.ActiveCfg = Release|x64
		{3D06B472-90A8-4E70-A33C-E9930F00EEF1}.Release|x64.Build.0 = Release|x64
		{3D06B472-90A8-4E70-A33C-E9930F00EEF1}.Release|x86.ActiveCfg = Release|Win32
		{3D06B472-90A8-4E70-A33C-E9930F00EEF1}.Release|x86.Build.0 = Release|Win32
		{057C1134-93B4-4CD3-A5F7-040480E8D4D1}.Debug|x64.ActiveCfg = Debug|x64
		{057C1134-93B4-4CD3-A5F7-040480E8D4D1}.Debug|x64.Build.0 = Debug|x64
		{057C1134-93B4-4CD3-A5F7-040480E8D4D1}.Debug|x86.ActiveCfg = Debug|Win32
		{057C1134-93B4-4CD3-A5F7-040480E8D4D1}.Debug|x86.Build.0 = Debug|Win32
		{057C1134-93B4-4CD3-A5F7-040480E8D4D1}.Opt No Precompiled Header|x64.ActiveCfg = Debug|x64
		{057C1134-93B4-4CD3-A5F7-040480E8D4D1}.Opt No Precompiled Header|x64.Build.0 = Debug|x64
		{057C1134-93B4-4CD3-A5F7-040480E8D4D1}.Opt No Precompiled Header|x86.ActiveCfg = Debug|Win32
		{057C1134-93B4-4CD3-A5F7-040480E8D4D1}.Opt No Precompiled Header|x86.Build.0 = Debug|Win32
		{057C1134-93B4-4CD3-A5F7-040480E8D4D1}.Opt|x64.ActiveCfg = Debug|x64
		{057C1134-93B4-4CD3-A5F7-040480E8D4D1}.Opt|x64.Build.0 = Debug|x64
		{057C1134-93B4-4CD3-A5F7-040480E8D4D1}.Opt|x86.ActiveCfg = Debug|Win32
		{057C1134-93B4-4CD3-A5F7-040480E8D4D1}.Opt|x86.Build.0 = Debug|Win32
		{057C1134-93B4-4CD3-A5F7-040480E8D4D1}.Release|x64.ActiveCfg = Release|x64
		{057C1134-93B4-4CD3-A5F7-040480E8D4D1}.Release|x64.Build.0 = Release|x64
		{057C1134-93B4-4CD3-A5F7-040480E8D4D1}.Release|x86.ActiveCfg = Release|Win32
		{057C1134-93B4-4CD3-A5F7-040480E8D4D1}.Release|x86.Build.0 = Release|Win32
		{762DDBAA-C6BB-498A-B869-5C6F89D5282C}.Debug|x64.ActiveCfg = Debug|x64
		{762DDBAA-C6BB-498A-B869-5C6F89D5282C}.Debug|x64.Build.0 = Debug|x64
		{762DDBAA-C6BB-498A-B869-5C6F89D5282C}.Debug|x86.ActiveCfg = Debug|Win32
		{762DDBAA-C6BB-498A-B869-5C6F89D5282C}.Debug|x86.Build.0 = Debug|Win32
		{762DDBAA-C6BB-498A-B869-5C6F89D5282C}.Opt No Precompiled Header|x64.ActiveCfg = Debug|x64
		{762DDBAA-C6BB-498A-B869-5C6F89D5282C}.Opt No Precompiled Header|x64.Build.0 = Debug|x64
		{762DDBAA-C6BB-498A-B869-5C6F89D5282C}.Opt No Precompiled Header|x86.ActiveCfg = Debug|Win32
		{762DDBAA-C6BB-498A-B869-5C6F89D5282C}.Opt No Precompiled Header|x86.Build.0 = Debug|Win32
		{762DDBAA-C6BB-498A-B869-5C6F89D5282C}.Opt|x64.ActiveCfg = Debug|x64
		{762DDBAA-C6BB-498A-B869-5C6F89D5282C}.Opt|x64.Build.0 = Debug|x64
		{762DDBAA-C6BB-498A-B869-5C6F89D5282C}.Opt|x86.ActiveCfg = Debug|Win32
		{762DDBAA-C6BB-498A-B869-5C6F89D5282C}.Opt|x86.Build.0 = Debug|Win32
		{762DDBAA-C6BB-498A-B869-5C6F89D5282C}.Release|x64.ActiveCfg = Release|x64
		{762DDBAA-C6BB-498A-B869-5C6F89D5282C}.Release|x64.Build.0 = Release|x64
		{762DDBAA-C6BB-498A-B869-5C6F89D5282C}.Release|x86.ActiveCfg = Release|Win32
		{762DDBAA-C6BB-498A-B869-5C6F89D5282C}.Release|x86.Build.0 = Release|Win32
		{945652A2-6F73-4530-8F29-4AFFE6EBAF5A}.Debug|x64.ActiveCfg = Debug|x64
		{945652A2-6F73-4530-8F29-4AFFE6EBAF5A}.Debug|x64.Build.0 = Debug|x64
		{945652A2-6F73-4530-8F29-4AFFE6EBAF5A}.Debug|x86.ActiveCfg = Debug|Win32
		{945652A2-6F73-4530-8F29-4AFFE6EBAF5A}.Debug|x86.Build.0 = Debug|Win32
		{945652A2-6F73-4530-8F29-4AFFE6EBAF5A}.Opt No Precompiled Header|x64.ActiveCfg = Debug|x64
		{945652A2-6F73-4530-8F29-4AFFE6EBAF5A}.Opt No Precompiled Header|x64.Build.0 = Debug|x64
		{945652A2-6F73-4530-8F29-4AFFE6EBAF5A}.Opt No Precompiled Header|x86.ActiveCfg = Debug|Win32
		{945652A2-6F73-4530-8F29-4AFFE6EBAF5A}.Opt No Precompiled Header|x86.Build.0 = Debug|Win32
		{945652A2-6F73-4530-8F29-4AFFE6EBAF5A}.Opt|x64.ActiveCfg = Debug|x64
		{945652A2-6F73-4530-8F29-4AFFE6EBAF5A}.Opt|x64.Build.0 = Debug|x64
		{945652A2-6F73-4530-8F29-4AFFE6EBAF5A}.Opt|x86.ActiveCfg = Debug|Win32
		{945652A2-6F73-4530-8F29-4AFFE6EBAF5A}.Opt|x86.Build.0 = Debug|Win32
		{945652A2-6F73-4530-8F29-4AFFE6EBAF5A}.Release|x64.ActiveCfg = Release|x64
		{945652A2-6F73-4530-8F29-4AFFE6EBAF5A}.Release|x64.Build.0 = Release|x64
		{945652A2-6F73-4530-8F29-4AFFE6EBAF5A}.Release|x86.ActiveCfg = Release|Win32
		{945652A2-6F73-4530-8F29-4AFFE6EBAF5A}.Release|x86.Build.0 = Release|Win32
		{B056B74C-8A08-4173-94B2-A4464703014C}.Debug|x64.ActiveCfg = Debug|x64
		{B056B74C-8A08-4173-94B2-A4464703014C}.Debug|x64.Build.0 = Debug|x64
		{B056B74C-8A08-4173-94B2-A4464703014C}.Debug|x86.ActiveCfg = Debug|Win32
		{B056B74C-8A08-4173-94B2-A4464703014C}.Debug|x86.Build.0 = Debug|Win32
		{B056B74C-8A08-4173-94B2-A4464703014C}.Opt No Precompiled Header|x64.ActiveCfg = Debug|x64
		{B056B74C-8A08-4173-94B2-A4464703014C}.Opt No Precompiled Header|x64.Build.0 = Debug|x64
		{B056B74C-8A08-4173-94B2-A4464703014C}.Opt No Precompiled Header|x86.ActiveCfg = Debug|Win32
		{B056B74C-8A08-4173-94B2-A4464703014C}.Opt No Precompiled Header|x86.Build.0 = Debug|Win32
		{B056B74C-8A08-4173-94B2-A4464703014C}.Opt|x64.ActiveCfg = Debug|x64
		{B056B74C-8A08-4173-94B2-A4464703014C}.Opt|x64.Build.0 = Debug|x64
		{B056B74C-8A08-4173-94B2-A4464703014C}.Opt|x86.ActiveCfg = Debug|Win32
		{B056B74C-8A08-4173-94B2-A4464703014C}.Opt|x86.Build.0 = Debug|Win32
		{B056B74C-8A08-4173-94B2-A4464703014C}.Release|x64.ActiveCfg = Release|x64
		{B056B74C-8A08-4173-94B2-A4464703014C}.Release|x64.Build.0 = Release|x64
		{B056B74C-8A08-4173-94B2-A4464703014C}.Release|x86.ActiveCfg = Release|Win32
		{B056B74C-8A08-4173-94B2-A4464703014C}.Release|x86.Build.0 = Release|Win32
		{C5DE8BD4-E9EE-499F-8B5E-9D98FC85384A}.Debug|x64.ActiveCfg = Debug|x64
		{C5DE8BD4-E9EE-499F-8B5E-9D98FC85384A}.Debug|x64.Build.0 = Debug|x64
		{C5DE8BD4-E9EE-499F-8B5E-9D98FC85384A}.Debug|x86.ActiveCfg = Debug|Win32
		{C5DE8BD4-E9EE-499F-8B5E-9D98FC85384A}.Debug|x86.Build.0 = Debug|Win32
		{C5DE8BD4-E9EE-499F-8B5E-9D98FC85384A}.Opt No Precompiled Header|x64.ActiveCfg = Debug|x64
		{C5DE8BD4-E9EE-499F-8B5E-9D98FC85384A}.Opt No Precompiled Header|x64.Build.0 = Debug|x64
		{C5DE8BD4-E9EE-499F-8B5E-9D98FC85384A}.Opt No Precompiled Header|x86.ActiveCfg = Debug|Win32
		{C5DE8BD4-E9EE-499F-8B5E-9D98FC85384A}.Opt No Precompiled Header|x86.Build.0 = Debug|Win32
		{C5DE8BD4-E9EE-499F-8B5E-9D98FC85384A}.Opt|x64.ActiveCfg = Debug|x64
		{C5DE8BD4-E9EE-499F-8B5E-9D98FC85384A}.Opt|x64.Build.0 = Debug|x64
		{C5DE8BD4-E9EE-499F-8B5E-9D98FC85384A}.Opt|x86.ActiveCfg = Debug|Win32
		{C5DE8BD4-E9EE-499F-8B5E-9D98FC85384A}.Opt|x86.Build.0 = Debug|Win32
		{C5DE8BD4-E9EE-499F-8B5E-9D98FC85384A}.Release|x64.ActiveCfg = Release|x64
		{C5DE8BD4-E9EE-499F-8B5E-9D98FC85384A}.Release|x64.Build.0 = Release|x64
		{C5DE8BD4-E9EE-499F-8B5E-9D98FC85384A}.Release|x86.ActiveCfg = Release|Win32
		{C5DE8BD4-E9EE-499F-8B5E-9D98FC85384A}.Release|x86.Build.0 = Release|Win32
		{1DEB471C-B1B0-4E32-AB1E-FE3D285A167C}.Debug|x64.ActiveCfg = Debug|x64
		{1DEB471C-B1B0-4E32-AB1E-FE3D285A167C}.Debug|x64.Build.0 = Debug|x64
		{1DEB471C-B1B0-4E32-AB1E-FE3D285A167C}.Debug|x86.ActiveCfg = Debug|Win32
		{1DEB471C-B1B0-4E32-AB1E-FE3D285A167C}.Debug|x86.Build.0 = Debug|Win32
		{1DEB471C-B1B0-4E32-AB1E-FE3D285A167C}.Opt No Precompiled Header|x64.ActiveCfg = Debug|x64
		{1DEB471C-B1B0-4E32-AB1E-FE3D285A167C}.Opt No Precompiled Header|x64.Build.0 = Debug|x64
		{1DEB471C-B1B0-4E32-AB1E-FE3D285A167C}.Opt No Precompiled Header|x86.ActiveCfg = Debug|Win32
		{1DEB471C-B1B0-4E32-AB1E-FE3D285A167C}.Opt No Precompiled Header|x86.Build.0 = Debug|Win32
		{1DEB471C-B1B0-4E32-AB1E-FE3D285A167C}.Opt|x64.ActiveCfg = Debug|x64
		{1DEB471C-B1B0-4E32-AB1E-FE3D285A167C}.Opt|x64.Build.0 = Debug|x64
		{1DEB471C-B1B0-4E32-AB1E-FE3D285A167C}.Opt|x86.ActiveCfg = Debug|Win32
		{1DEB471C-B1B0-4E32-AB1E-FE3D285A167C}.Opt|x86.Build.0 = Debug|Win32
		{1DEB471C-B1B0-4E32-AB1E-FE3D285A167C}.Release|x64.ActiveCfg = Release|x64
		{1DEB471C-B1B0-4E32-AB1E-FE3D285A167C}.Release|x64.Build.0 = Release|x64
		{1DEB471C-B1B0-4E32-AB1E-FE3D285A167C}.Release|x86.ActiveCfg = Release|Win32
		{1DEB471C-B1B0-4E32-AB1E-FE3D285A167C}.Release|x86.Build.0 = Release|Win32
		{9244B151-0271-40AC-A3AE-BFEA5C475C50}.Debug|x64.ActiveCfg = Debug|x64
		{9244B151-0271-40AC-A3AE-BFEA5C475C50}.Debug|x64.Build.0 = Debug|x64
		{9244B151-0271-40AC-A3AE-BFEA5C475C50}.Debug|x86.ActiveCfg = Debug|Win32
		{9244B151-0271-40AC-A3AE-BFEA5C475C50}.Debug|x86.Build.0 = Debug|Win32
		{9244B151-0271-40AC-A3AE-BFEA5C475C50}.Opt No Precompiled Header|x64.ActiveCfg = Debug|x64
		{9244B151-0271-40AC-A3AE-BFEA5C475C50}.Opt No Precompiled Header|x64.Build.0 = Debug|x64
		{9244B151-0271-40AC-A3AE-BFEA5C475C50}.Opt No Precompiled Header|x86.ActiveCfg = Debug|Win32
		{9244B151-0271-40AC-A3AE-BFEA5C475C50}.Opt No Precompiled Header|x86.Build.0 = Debug|Win32
		{9244B151-0271-40AC-A3AE-BFEA5C475C50}.Opt|x64.ActiveCfg = Debug|x64
		{9244B151-0271-40AC-A3AE-BFEA5C475C50}.Opt|x64.Build.0 = Debug|x64
		{9244B151-0271-40AC-A3AE-BFEA5C475C50}.Opt|x86.ActiveCfg = Debug|Win32
		{9244B151-0271-40AC-A3AE-BFEA5C475C50}.Opt|x86.Build.0 = Debug|Win32
		{9244B151-0271-40AC-A3AE-BFEA5C475C50}.Release|x64.ActiveCfg = Release|x64
		{9244B151-0271-40AC-A3AE-BFEA5C475C50}.Release|x64.Build.0 = Release|x64
		{9244B151-0271-40AC-A3AE-BFEA5C475C50}.Release|x86.ActiveCfg = Release|Win32
		{9244B151-0271-40AC-A3AE-BFEA5C475C50}.Release|x86.Build.0 = Release|Win32
		{5108FA85-F335-4C06-99EB-0280458E1491}.Debug|x64.ActiveCfg = Debug|x64
		{5108FA85-F335-4C06-99EB-0280458E1491}.Debug|x64.Build.0 = Debug|x64
		{5108FA85-F335-4C06-99EB-0280458E1491}.Debug|x86.ActiveCfg = Debug|Win32
		{5108FA85-F335-4C06-99EB-0280458E1491}.Debug|x86.Build.0 = Debug|Win32
		{5108FA85-F335-4C06-99EB-0280458E1491}.Opt No Precompiled Header|x64.ActiveCfg = Debug|x64
		{5108FA85-F335-4C06-99EB-0280458E1491}.Opt No Precompiled Header|x64.Build.0 = Debug|x64
		{5108FA85-F335-4C06-99EB-0280458E1491}.Opt No Precompiled Header|x86.ActiveCfg = Debug|Win32
		{5108FA85-F335-4C06-99EB-0280458E1491}.Opt No Precompiled Header|x86.Build.0 = Debug|Win32
		{5108FA85-F335-4C06-99EB-0280458E1491}.Opt|x64.ActiveCfg = Debug|x64
		{5108FA85-F335-4C06-99EB-0280458E1491}.Opt|x64.Build.0 = Debug|x64
		{5108FA85-F335-4C06-99EB-0280458E1491}.Opt|x86.ActiveCfg = Debug|Win32
		{5108FA85-F335-4C06-99EB-0280458E1491}.Opt|x86.Build.0 = Debug|Win32
		{5108FA85-F335-4C06-99EB-0280458E1491}.Release|x64.ActiveCfg = Release|x64
		{5108FA85-F335-4C06-99EB-0280458E1491}.Release|x64.Build.0 = Release|x64
		{5108FA85-F335-4C06-99EB-0280458E1491}.Release|x86.ActiveCfg = Release|Win32
		{5108FA85-F335-4C06-99EB-0280458E1491}.Release|x86.Build.0 = Release|Win32
		{54095F7D-7EBF-4D4C-A53A-4B8BC9E4A747}.Debug|x64.ActiveCfg = Debug|x64
		{54095F7D-7EBF-4D4C-A53A-4B8BC9E4A747}.Debug|x64.Build.0 = Debug|x64
		{54095F7D-7EBF-4D4C-A53A-4B8BC9E4A747}.Debug|x86.ActiveCfg = Debug|Win32
		{54095F7D-7EBF-4D4C-A53A-4B8BC9E4A747}.Debug|x86.Build.0 = Debug|Win32
		{54095F7D-7EBF-4D4C-A53A-4B8BC9E4A747}.Opt No Precompiled Header|x64.ActiveCfg = Debug|x64
		{54095F7D-7EBF-4D4C-A53A-4B8BC9E4A747}.Opt No Precompiled Header|x64.Build.0 = Debug|x64
		{54095F7D-7EBF-4D4C-A53A-4B8BC9E4A747}.Opt No Precompiled Header|x86.ActiveCfg = Debug|Win32
		{54095F7D-7EBF-4D4C-A53A-4B8BC9E4A747}.Opt No Precompiled Header|x86.Build.0 = Debug|Win32
		{54095F7D-7EBF-4D4C-A53A-4B8BC9E4A747}.Opt|x64.ActiveCfg = Debug|x64
		{54095F7D-7EBF-4D4C-A53A-4B8BC9E4A747}.Opt|x64.Build.0 = Debug|x64
		{54095F7D-7EBF-4D4C-A53A-4B8BC9E4A747}.Opt|x86.ActiveCfg = Debug|Win32
		{54095F7D-7EBF-4D4C-A53A-4B8BC9E4A747}.Opt|x86.Build.0 = Debug|Win32
		{54095F7D-7EBF-4D4C-A53A-4B8BC9E4A747}.Release|x64.ActiveCfg = Release|x64
		{54095F7D-7EBF-4D4C-A53A-4B8BC9E4A747}.Release|x64.Build.0 = Release|x64
		{54095F7D-7EBF-4D4C-A53A-4B8BC9E4A747}.Release|x86.ActiveCfg = Release|Win32
		{54095F7D-7EBF-4D4C-A53A-4B8BC9E4A747}.Release|x86.Build.0 = Release|Win32
		{140663AA-4C5C-43B9-81DD-80DA400BD09A}.Debug|x64.ActiveCfg = Debug|x64
		{140663AA-4C5C-43B9-81DD-80DA400BD09A}.Debug|x64.Build.0 = Debug|x64
		{140663AA-4C5C-43B9-81DD-80DA400BD09A}.Debug|x86.ActiveCfg = Debug|Win32
		{140663AA-4C5C-43B9-81DD-80DA400BD09A}.Debug|x86.Build.0 = Debug|Win32
		{140663AA-4C5C-43B9-81DD-80DA400BD09A}.Opt No Precompiled Header|x64.ActiveCfg = Debug|x64
		{140663AA-4C5C-43B9-81DD-80DA400BD09A}.Opt No Precompiled Header|x64.Build.0 = Debug|x64
		{140663AA-4C5C-43B9-81DD-80DA400BD09A}.Opt No Precompiled Header|x86.ActiveCfg = Debug|Win32
		{140663AA-4C5C-43B9-81DD-80DA400BD09A}.Opt No Precompiled Header|x86.Build.0 = Debug|Win32
		{140663AA-4C5C-43B9-81DD-80DA400BD09A}.Opt|x64.ActiveCfg = Debug|x64
		{140663AA-4C5C-43B9-81DD-80DA400BD09A}.Opt|x64.Build.0 = Debug|x64
		{140663AA-4C5C-43B9-81DD-80DA400BD09A}.Opt|x86.ActiveCfg = Debug|Win32
		{140663AA-4C5C-43B9-81DD-80DA400BD09A}.Opt|x86.Build.0 = Debug|Win32
		{140663AA-4C5C-43B9-81DD-80DA400BD09A}.Release|x64.ActiveCfg = Release|x64
		{140663AA-4C5C-43B9-81DD-80DA400BD09A}.Release|x64.Build.0 = Release|x64
		{140663AA-4C5C-43B9-81DD-80DA400BD09A}.Release|x86.ActiveCfg = Release|Win32
		{140663AA-4C5C-43B9-81DD-80DA400BD09A}.Release|x86.Build.0 = Release|Win32
		{A190AFD9-5497-4AFE-8BB1-81256E46936A}.Debug|x64.ActiveCfg = Debug|x64
		{A190AFD9-5497-4AFE-8BB1-81256E46936A}.Debug|x64.Build.0 = Debug|x64
		{A190AFD9-5497-4AFE-8BB1-81256E46936A}.Debug|x86.ActiveCfg = Debug|Win32
		{A190AFD9-5497-4AFE-8BB1-81256E46936A}.Debug|x86.Build.0 = Debug|Win32
		{A190AFD9-5497-4AFE-8BB1-81256E46936A}.Opt No Precompiled Header|x64.ActiveCfg = Debug|x64
		{A190AFD9-5497-4AFE-8BB1-81256E46936A}.Opt No Precompiled Header|x64.Build.0 = Debug|x64
		{A190AFD9-5497-4AFE-8BB1-81256E46936A}.Opt No Precompiled Header|x86.ActiveCfg = Debug|Win32
		{A190AFD9-5497-4AFE-8BB1-81256E46936A}.Opt No Precompiled Header|x86.Build.0 = Debug|Win32
		{A190AFD9-5497-4AFE-8BB1-81256E46936A}.Opt|x64.ActiveCfg = Debug|x64
		{A190AFD9-5497-4AFE-8BB1-81256E46936A}.Opt|x64.Build.0 = Debug|x64
		{A190AFD9-5497-4AFE-8BB1-81256E46936A}.Opt|x86.ActiveCfg = Debug|Win32
		{A190AFD9-5497-4AFE-8BB1-81256E46936A}.Opt|x86.Build.0 = Debug|Win32
		{A190AFD9-5497-4AFE-8BB1-81256E46936A}.Release|x64.ActiveCfg = Release|x64
		{A190AFD9-5497-4AFE-8BB1-81256E46936A}.Release|x64.Build.0 = Release|x64
		{A190AFD9-5497-4AFE-8BB1-81256E46936A}.Release|x86.ActiveCfg = Release|Win32
		{A190AFD9-5497-4AFE-8BB1-81256E46936A}.Release|x86.Build.0 = Release|Win32
	EndGlobalSection
	GlobalSection(SolutionProperties) = preSolution
		HideSolutionNode = FALSE
	EndGlobalSection
	GlobalSection(NestedProjects) = preSolution
		{F300FA1A-441E-4DCD-A053-9ED50285A98B} = {43DF7291-7D9E-49FF-9D1C-F86650CF1A66}
		{6E04FFC9-88DB-4646-93B1-D1CEF76CFE10} = {43DF7291-7D9E-49FF-9D1C-F86650CF1A66}
		{98CA6EB2-2107-4716-AA3A-1A03C50D832B} = {B5FEC130-5743-45B9-89A5-55B356C690A7}
		{ACEB23BD-60E5-4D21-ADAB-8C93E383EBB6} = {B5FEC130-5743-45B9-89A5-55B356C690A7}
		{165D29CB-2F48-4EAD-B8A2-C87784060E83} = {B5FEC130-5743-45B9-89A5-55B356C690A7}
		{C68D3318-6C50-4117-AEF3-F2023290B5F7} = {B5FEC130-5743-45B9-89A5-55B356C690A7}
		{EBF0117F-CC3A-4FD0-976D-EFB9A3808465} = {B5FEC130-5743-45B9-89A5-55B356C690A7}
		{1E72E63E-EA5D-4854-BAD3-93E4CB9348D7} = {B5FEC130-5743-45B9-89A5-55B356C690A7}
		{F80BD947-0D32-4D34-A9E8-EABD5E29CC63} = {B5FEC130-5743-45B9-89A5-55B356C690A7}
		{DF4BCEB3-9315-4E6D-B692-8465D31E247F} = {B5FEC130-5743-45B9-89A5-55B356C690A7}
		{63F5C73F-6870-4844-8394-A21CF46D9CD3} = {B5FEC130-5743-45B9-89A5-55B356C690A7}
		{AE77EDC9-793E-4068-B76D-9BDD6752671F} = {B5FEC130-5743-45B9-89A5-55B356C690A7}
		{A04D1DE3-8DD7-40F8-892F-453411770AC9} = {B5FEC130-5743-45B9-89A5-55B356C690A7}
		{CD44D01F-F0C2-46C9-B700-A4AE556FC39E} = {B5FEC130-5743-45B9-89A5-55B356C690A7}
		{8A8C9E3C-22C9-4821-A237-E681FF5B13A3} = {B5FEC130-5743-45B9-89A5-55B356C690A7}
		{191985A6-91C9-4037-88B0-CF9EF344062B} = {B5FEC130-5743-45B9-89A5-55B356C690A7}
		{097383B4-247D-423A-A33E-131AC4EE4A0E} = {B5FEC130-5743-45B9-89A5-55B356C690A7}
		{5403E436-E42C-4861-BDBA-B028F36D83C3} = {B5FEC130-5743-45B9-89A5-55B356C690A7}
		{E033AF7B-4962-423C-B95E-34B15EB415D9} = {B5FEC130-5743-45B9-89A5-55B356C690A7}
		{31B74392-2BCD-4894-9F3C-254A36758F41} = {B5FEC130-5743-45B9-89A5-55B356C690A7}
		{570F4C19-CCBE-4047-B667-A608302CB6A3} = {B5FEC130-5743-45B9-89A5-55B356C690A7}
		{C996B5C6-6CD4-46C3-BE81-FA82B76730FB} = {B5FEC130-5743-45B9-89A5-55B356C690A7}
		{5FE18B0D-BAAB-48E3-B9DE-2813CFDD8AC3} = {B5FEC130-5743-45B9-89A5-55B356C690A7}
		{D894F5EE-032C-4BEC-8941-4260B2BB6D81} = {B5FEC130-5743-45B9-89A5-55B356C690A7}
		{E78411D7-24A3-4D5A-8C08-9DEA3CAFDB6F} = {B5FEC130-5743-45B9-89A5-55B356C690A7}
		{ECA31CEF-7D14-4D9A-8F41-227C604DC323} = {B5FEC130-5743-45B9-89A5-55B356C690A7}
		{AA0F9B1F-8C6B-42DF-9DC8-52DCB5966B0C} = {B5FEC130-5743-45B9-89A5-55B356C690A7}
		{587EDEA3-108F-45E5-9559-3383C09B2736} = {B5FEC130-5743-45B9-89A5-55B356C690A7}
		{E7FFC0A1-3461-4C7A-84DD-AD84D153D6D7} = {B5FEC130-5743-45B9-89A5-55B356C690A7}
		{85F86AA5-85A9-479D-BDED-74EF0D7E34DD} = {B5FEC130-5743-45B9-89A5-55B356C690A7}
		{8095708B-F14B-48BE-A9AD-7F4AD9B9B9AE} = {B5FEC130-5743-45B9-89A5-55B356C690A7}
		{EAE079BE-8BB6-400D-904F-73F33F3BBA42} = {B5FEC130-5743-45B9-89A5-55B356C690A7}
		{9124111A-FCA6-426C-9EA5-A1A37B081430} = {B5FEC130-5743-45B9-89A5-55B356C690A7}
		{3EE12A26-73F6-43C5-A7ED-8E6CEC18E560} = {B5FEC130-5743-45B9-89A5-55B356C690A7}
		{B67C652C-FA4A-4656-9D96-72AC3712EA0C} = {B5FEC130-5743-45B9-89A5-55B356C690A7}
		{2289626A-4DFB-4108-98BF-8D9067A65E25} = {B5FEC130-5743-45B9-89A5-55B356C690A7}
		{3D06B472-90A8-4E70-A33C-E9930F00EEF1} = {B5FEC130-5743-45B9-89A5-55B356C690A7}
		{057C1134-93B4-4CD3-A5F7-040480E8D4D1} = {B5FEC130-5743-45B9-89A5-55B356C690A7}
		{762DDBAA-C6BB-498A-B869-5C6F89D5282C} = {B5FEC130-5743-45B9-89A5-55B356C690A7}
		{945652A2-6F73-4530-8F29-4AFFE6EBAF5A} = {B5FEC130-5743-45B9-89A5-55B356C690A7}
		{B056B74C-8A08-4173-94B2-A4464703014C} = {B5FEC130-5743-45B9-89A5-55B356C690A7}
		{C5DE8BD4-E9EE-499F-8B5E-9D98FC85384A} = {B5FEC130-5743-45B9-89A5-55B356C690A7}
		{1DEB471C-B1B0-4E32-AB1E-FE3D285A167C} = {B5FEC130-5743-45B9-89A5-55B356C690A7}
		{9244B151-0271-40AC-A3AE-BFEA5C475C50} = {B5FEC130-5743-45B9-89A5-55B356C690A7}
		{5108FA85-F335-4C06-99EB-0280458E1491} = {B5FEC130-5743-45B9-89A5-55B356C690A7}
		{54095F7D-7EBF-4D4C-A53A-4B8BC9E4A747} = {B5FEC130-5743-45B9-89A5-55B356C690A7}
		{140663AA-4C5C-43B9-81DD-80DA400BD09A} = {B5FEC130-5743-45B9-89A5-55B356C690A7}
		{A190AFD9-5497-4AFE-8BB1-81256E46936A} = {B5FEC130-5743-45B9-89A5-55B356C690A7}
	EndGlobalSection
	GlobalSection(ExtensibilityGlobals) = postSolution
		SolutionGuid = {AAFFE26A-070E-4C36-A481-0443448DDF05}
	EndGlobalSection
EndGlobal
