<?xml version="1.0" encoding="utf-8"?>
<Project ToolsVersion="4.0" xmlns="http://schemas.microsoft.com/developer/msbuild/2003">
  <ItemGroup>
    <Filter Include="Source Files">
      <UniqueIdentifier>{4FC737F1-C7A5-4376-A066-2A32D752A2FF}</UniqueIdentifier>
      <Extensions>cpp;c;cc;cxx;c++;cppm;ixx;def;odl;idl;hpj;bat;asm;asmx</Extensions>
    </Filter>
    <Filter Include="Header Files">
      <UniqueIdentifier>{93995380-89BD-4b04-88EB-625FBE52EBFB}</UniqueIdentifier>
      <Extensions>h;hh;hpp;hxx;h++;hm;inl;inc;ipp;xsd</Extensions>
    </Filter>
    <Filter Include="Resource Files">
      <UniqueIdentifier>{67DA6AB6-F800-4c08-8B7A-83BB121AAD01}</UniqueIdentifier>
      <Extensions>rc;ico;cur;bmp;dlg;rc2;rct;bin;rgs;gif;jpg;jpeg;jpe;resx;tiff;tif;png;wav;mfcribbon-ms</Extensions>
    </Filter>
  </ItemGroup>
  <ItemGroup>
    <ClCompile Include="lzwfd2bf.cpp">
      <Filter>Source Files</Filter>
    </ClCompile>
    <ClCompile Include="pkzip.cpp">
      <Filter>Source Files</Filter>
    </ClCompile>
    <ClCompile Include="refacc.cpp">
      <Filter>Source Files</Filter>
    </ClCompile>
    <ClCompile Include="res.cpp">
      <Filter>Source Files</Filter>
    </ClCompile>
    <ClCompile Include="resacc.cpp">
      <Filter>Source Files</Filter>
    </ClCompile>
    <ClCompile Include="resagg.c">
      <Filter>Source Files</Filter>
    </ClCompile>
    <ClCompile Include="resbuild.cpp">
      <Filter>Source Files</Filter>
    </ClCompile>
    <ClCompile Include="rescache.cpp">
      <Filter>Source Files</Filter>
    </ClCompile>
    <ClCompile Include="rescback.cpp">
      <Filter>Source Files</Filter>
    </ClCompile>
    <ClCompile Include="rescum.cpp">
      <Filter>Source Files</Filter>
    </ClCompile>
    <ClCompile Include="resexblk.cpp">
      <Filter>Source Files</Filter>
    </ClCompile>
    <ClCompile Include="resfile.cpp">
      <Filter>Source Files</Filter>
    </ClCompile>
    <ClCompile Include="resguid.c">
      <Filter>Source Files</Filter>
    </ClCompile>
    <ClCompile Include="resload.cpp">
      <Filter>Source Files</Filter>
    </ClCompile>
    <ClCompile Include="resmake.cpp">
      <Filter>Source Files</Filter>
    </ClCompile>
    <ClCompile Include="resmem.cpp">
      <Filter>Source Files</Filter>
    </ClCompile>
    <ClCompile Include="resmisc.cpp">
      <Filter>Source Files</Filter>
    </ClCompile>
    <ClCompile Include="resthred.cpp">
      <Filter>Source Files</Filter>
    </ClCompile>
    <ClCompile Include="restypes.cpp">
      <Filter>Source Files</Filter>
    </ClCompile>
    <ClCompile Include="lzw.cpp">
      <Filter>Source Files</Filter>
    </ClCompile>
  </ItemGroup>
  <ItemGroup>
    <ClInclude Include="pkzip.h">
      <Filter>Header Files</Filter>
    </ClInclude>
    <ClInclude Include="res.h">
      <Filter>Header Files</Filter>
    </ClInclude>
    <ClInclude Include="res_.h">
      <Filter>Header Files</Filter>
    </ClInclude>
    <ClInclude Include="resagg.h">
      <Filter>Header Files</Filter>
    </ClInclude>
    <ClInclude Include="rescache.h">
      <Filter>Header Files</Filter>
    </ClInclude>
    <ClInclude Include="resguid.h">
      <Filter>Header Files</Filter>
    </ClInclude>
    <ClInclude Include="resimpl.h">
      <Filter>Header Files</Filter>
    </ClInclude>
    <ClInclude Include="resrect.h">
      <Filter>Header Files</Filter>
    </ClInclude>
    <ClInclude Include="resthred.h">
      <Filter>Header Files</Filter>
    </ClInclude>
    <ClInclude Include="restypes.h">
      <Filter>Header Files</Filter>
    </ClInclude>
    <ClInclude Include="storcnst.h">
      <Filter>Header Files</Filter>
    </ClInclude>
    <ClInclude Include="implode.h">
      <Filter>Header Files</Filter>
    </ClInclude>
    <ClInclude Include="lzw.h">
      <Filter>Header Files</Filter>
    </ClInclude>
    <ClInclude Include="_res.h">
      <Filter>Header Files</Filter>
    </ClInclude>
  </ItemGroup>
</Project>