<?xml version="1.0" encoding="utf-8"?>
<Project ToolsVersion="4.0" xmlns="http://schemas.microsoft.com/developer/msbuild/2003">
  <ItemGroup>
    <Filter Include="Source Files">
      <UniqueIdentifier>{4FC737F1-C7A5-4376-A066-2A32D752A2FF}</UniqueIdentifier>
      <Extensions>cpp;c;cc;cxx;c++;cppm;ixx;def;odl;idl;hpj;bat;asm;asmx</Extensions>
    </Filter>
    <Filter Include="Header Files">
      <UniqueIdentifier>{93995380-89BD-4b04-88EB-625FBE52EBFB}</UniqueIdentifier>
      <Extensions>h;hh;hpp;hxx;h++;hm;inl;inc;ipp;xsd</Extensions>
    </Filter>
    <Filter Include="Resource Files">
      <UniqueIdentifier>{67DA6AB6-F800-4c08-8B7A-83BB121AAD01}</UniqueIdentifier>
      <Extensions>rc;ico;cur;bmp;dlg;rc2;rct;bin;rgs;gif;jpg;jpeg;jpe;resx;tiff;tif;png;wav;mfcribbon-ms</Extensions>
    </Filter>
  </ItemGroup>
  <ItemGroup>
    <ClCompile Include="nonover.cpp">
      <Filter>Source Files</Filter>
    </ClCompile>
    <ClCompile Include="nullallc.cpp">
      <Filter>Source Files</Filter>
    </ClCompile>
    <ClCompile Include="pool.cpp">
      <Filter>Source Files</Filter>
    </ClCompile>
    <ClCompile Include="poolimp.cpp">
      <Filter>Source Files</Filter>
    </ClCompile>
    <ClCompile Include="primallc.cpp">
      <Filter>Source Files</Filter>
    </ClCompile>
    <ClCompile Include="stdalloc.cpp">
      <Filter>Source Files</Filter>
    </ClCompile>
    <ClCompile Include="allcguid.cpp">
      <Filter>Source Files</Filter>
    </ClCompile>
    <ClCompile Include="dbgalloc.cpp">
      <Filter>Source Files</Filter>
    </ClCompile>
    <ClCompile Include="heap.cpp">
      <Filter>Source Files</Filter>
    </ClCompile>
    <ClCompile Include="memall.c">
      <Filter>Source Files</Filter>
    </ClCompile>
    <ClCompile Include="membase.cpp">
      <Filter>Source Files</Filter>
    </ClCompile>
    <ClCompile Include="memcore.cpp">
      <Filter>Source Files</Filter>
    </ClCompile>
    <ClCompile Include="memtimer.cpp">
      <Filter>Source Files</Filter>
    </ClCompile>
    <ClCompile Include="multpool.cpp">
      <Filter>Source Files</Filter>
    </ClCompile>
  </ItemGroup>
  <ItemGroup>
    <ClInclude Include="nullallc.h">
      <Filter>Header Files</Filter>
    </ClInclude>
    <ClInclude Include="pool.h">
      <Filter>Header Files</Filter>
    </ClInclude>
    <ClInclude Include="poolimp.h">
      <Filter>Header Files</Filter>
    </ClInclude>
    <ClInclude Include="primallc.h">
      <Filter>Header Files</Filter>
    </ClInclude>
    <ClInclude Include="stdalloc.h">
      <Filter>Header Files</Filter>
    </ClInclude>
    <ClInclude Include="undbmem.h">
      <Filter>Header Files</Filter>
    </ClInclude>
    <ClInclude Include="virtmem.h">
      <Filter>Header Files</Filter>
    </ClInclude>
    <ClInclude Include="allcguid.h">
      <Filter>Header Files</Filter>
    </ClInclude>
    <ClInclude Include="allocapi.h">
      <Filter>Header Files</Filter>
    </ClInclude>
    <ClInclude Include="allocovr.h">
      <Filter>Header Files</Filter>
    </ClInclude>
    <ClInclude Include="dbgalloc.h">
      <Filter>Header Files</Filter>
    </ClInclude>
    <ClInclude Include="dbmem.h">
      <Filter>Header Files</Filter>
    </ClInclude>
    <ClInclude Include="fastmutx.h">
      <Filter>Header Files</Filter>
    </ClInclude>
    <ClInclude Include="heap.h">
      <Filter>Header Files</Filter>
    </ClInclude>
    <ClInclude Include="heaptool.h">
      <Filter>Header Files</Filter>
    </ClInclude>
    <ClInclude Include="mallocdb.h">
      <Filter>Header Files</Filter>
    </ClInclude>
    <ClInclude Include="memall.h">
      <Filter>Header Files</Filter>
    </ClInclude>
    <ClInclude Include="membase.h">
      <Filter>Header Files</Filter>
    </ClInclude>
    <ClInclude Include="memcore.h">
      <Filter>Header Files</Filter>
    </ClInclude>
    <ClInclude Include="memtimer.h">
      <Filter>Header Files</Filter>
    </ClInclude>
    <ClInclude Include="multpool.h">
      <Filter>Header Files</Filter>
    </ClInclude>
  </ItemGroup>
  <ItemGroup>
    <Text Include="memcore.txt" />
  </ItemGroup>
</Project>