<?xml version="1.0" encoding="utf-8"?>
<Project ToolsVersion="4.0" xmlns="http://schemas.microsoft.com/developer/msbuild/2003">
  <ItemGroup>
    <Filter Include="Source Files">
      <UniqueIdentifier>{4FC737F1-C7A5-4376-A066-2A32D752A2FF}</UniqueIdentifier>
      <Extensions>cpp;c;cc;cxx;c++;cppm;ixx;def;odl;idl;hpj;bat;asm;asmx</Extensions>
    </Filter>
    <Filter Include="Header Files">
      <UniqueIdentifier>{93995380-89BD-4b04-88EB-625FBE52EBFB}</UniqueIdentifier>
      <Extensions>h;hh;hpp;hxx;h++;hm;inl;inc;ipp;xsd</Extensions>
    </Filter>
    <Filter Include="Resource Files">
      <UniqueIdentifier>{67DA6AB6-F800-4c08-8B7A-83BB121AAD01}</UniqueIdentifier>
      <Extensions>rc;ico;cur;bmp;dlg;rc2;rct;bin;rgs;gif;jpg;jpeg;jpe;resx;tiff;tif;png;wav;mfcribbon-ms</Extensions>
    </Filter>
  </ItemGroup>
  <ItemGroup>
    <Text Include="cpptools.txt" />
  </ItemGroup>
  <ItemGroup>
    <ClCompile Include="delmlist.cpp">
      <Filter>Source Files</Filter>
    </ClCompile>
    <ClCompile Include="dlist.cpp">
      <Filter>Source Files</Filter>
    </ClCompile>
    <ClCompile Include="dynfunc.cpp">
      <Filter>Source Files</Filter>
    </ClCompile>
    <ClCompile Include="filepath.cpp">
      <Filter>Source Files</Filter>
    </ClCompile>
    <ClCompile Include="filespec.cpp">
      <Filter>Source Files</Filter>
    </ClCompile>
    <ClCompile Include="fnamutil.cpp">
      <Filter>Source Files</Filter>
    </ClCompile>
    <ClCompile Include="hashpp.cpp">
      <Filter>Source Files</Filter>
    </ClCompile>
    <ClCompile Include="hashset.cpp">
      <Filter>Source Files</Filter>
    </ClCompile>
    <ClCompile Include="packflag.cpp">
      <Filter>Source Files</Filter>
    </ClCompile>
    <ClCompile Include="pdynarr.cpp">
      <Filter>Source Files</Filter>
    </ClCompile>
    <ClCompile Include="relocptr.cpp">
      <Filter>Source Files</Filter>
    </ClCompile>
    <ClCompile Include="splitpat.cpp">
      <Filter>Source Files</Filter>
    </ClCompile>
    <ClCompile Include="str.cpp">
      <Filter>Source Files</Filter>
    </ClCompile>
    <ClCompile Include="dynarsrv.cpp">
      <Filter>Source Files</Filter>
    </ClCompile>
    <ClCompile Include="dynarray.cpp">
      <Filter>Source Files</Filter>
    </ClCompile>
  </ItemGroup>
  <ItemGroup>
    <ClInclude Include="delmlist.h">
      <Filter>Header Files</Filter>
    </ClInclude>
    <ClInclude Include="dlist.h">
      <Filter>Header Files</Filter>
    </ClInclude>
    <ClInclude Include="dlisttem.h">
      <Filter>Header Files</Filter>
    </ClInclude>
    <ClInclude Include="dynarray.h">
      <Filter>Header Files</Filter>
    </ClInclude>
    <ClInclude Include="dynarsrv.h">
      <Filter>Header Files</Filter>
    </ClInclude>
    <ClInclude Include="dynfunc.h">
      <Filter>Header Files</Filter>
    </ClInclude>
    <ClInclude Include="filekind.h">
      <Filter>Header Files</Filter>
    </ClInclude>
    <ClInclude Include="filepath.h">
      <Filter>Header Files</Filter>
    </ClInclude>
    <ClInclude Include="filespec.h">
      <Filter>Header Files</Filter>
    </ClInclude>
    <ClInclude Include="fixedque.h">
      <Filter>Header Files</Filter>
    </ClInclude>
    <ClInclude Include="fixedstk.h">
      <Filter>Header Files</Filter>
    </ClInclude>
    <ClInclude Include="fnamutil.h">
      <Filter>Header Files</Filter>
    </ClInclude>
    <ClInclude Include="hashfast.h">
      <Filter>Header Files</Filter>
    </ClInclude>
    <ClInclude Include="hashfunc.h">
      <Filter>Header Files</Filter>
    </ClInclude>
    <ClInclude Include="hashpp.h">
      <Filter>Header Files</Filter>
    </ClInclude>
    <ClInclude Include="hashset.h">
      <Filter>Header Files</Filter>
    </ClInclude>
    <ClInclude Include="hshpptem.h">
      <Filter>Header Files</Filter>
    </ClInclude>
    <ClInclude Include="hshstimp.h">
      <Filter>Header Files</Filter>
    </ClInclude>
    <ClInclude Include="hshsttem.h">
      <Filter>Header Files</Filter>
    </ClInclude>
    <ClInclude Include="packflag.h">
      <Filter>Header Files</Filter>
    </ClInclude>
    <ClInclude Include="pdynarr.h">
      <Filter>Header Files</Filter>
    </ClInclude>
    <ClInclude Include="relocptr.h">
      <Filter>Header Files</Filter>
    </ClInclude>
    <ClInclude Include="slistpp.h">
      <Filter>Header Files</Filter>
    </ClInclude>
    <ClInclude Include="splitpat.h">
      <Filter>Header Files</Filter>
    </ClInclude>
    <ClInclude Include="str.h">
      <Filter>Header Files</Filter>
    </ClInclude>
    <ClInclude Include="templexp.h">
      <Filter>Header Files</Filter>
    </ClInclude>
  </ItemGroup>
</Project>