
Microsoft Visual Studio Solution File, Format Version 12.00
# Visual Studio Version 16
VisualStudioVersion = 16.0.33423.256
MinimumVisualStudioVersion = 10.0.40219.1
Project("{8BC9CEB8-8B4A-11D0-8D11-00A0C91BC942}") = "Dromed", "dromed.vcxproj", "{4139A0DF-6572-40CC-B636-D82C74D55558}"
EndProject
Global
	GlobalSection(SolutionConfigurationPlatforms) = preSolution
		Debug|x86 = Debug|x86
		Opt No Precompiled Header|x86 = Opt No Precompiled Header|x86
		Opt|x86 = Opt|x86
		Release|x86 = Release|x86
	EndGlobalSection
	GlobalSection(ProjectConfigurationPlatforms) = postSolution
		{4139A0DF-6572-40CC-B636-D82C74D55558}.Debug|x86.ActiveCfg = Debug|Win32
		{4139A0DF-6572-40CC-B636-D82C74D55558}.Debug|x86.Build.0 = Debug|Win32
		{4139A0DF-6572-40CC-B636-D82C74D55558}.Opt No Precompiled Header|x86.ActiveCfg = Opt No Precompiled Header|Win32
		{4139A0DF-6572-40CC-B636-D82C74D55558}.Opt No Precompiled Header|x86.Build.0 = Opt No Precompiled Header|Win32
		{4139A0DF-6572-40CC-B636-D82C74D55558}.Opt|x86.ActiveCfg = Opt|Win32
		{4139A0DF-6572-40CC-B636-D82C74D55558}.Opt|x86.Build.0 = Opt|Win32
		{4139A0DF-6572-40CC-B636-D82C74D55558}.Release|x86.ActiveCfg = Release|Win32
		{4139A0DF-6572-40CC-B636-D82C74D55558}.Release|x86.Build.0 = Release|Win32
	EndGlobalSection
	GlobalSection(SolutionProperties) = preSolution
		HideSolutionNode = FALSE
	EndGlobalSection
	GlobalSection(ExtensibilityGlobals) = postSolution
		SolutionGuid = {AAFFE26A-070E-4C36-A481-0443448DDF05}
	EndGlobalSection
EndGlobal
