<?xml version="1.0" encoding="utf-8"?>
<Project ToolsVersion="4.0" xmlns="http://schemas.microsoft.com/developer/msbuild/2003">
  <ItemGroup>
    <Filter Include="Source Files">
      <UniqueIdentifier>{4FC737F1-C7A5-4376-A066-2A32D752A2FF}</UniqueIdentifier>
      <Extensions>cpp;c;cc;cxx;c++;cppm;ixx;def;odl;idl;hpj;bat;asm;asmx</Extensions>
    </Filter>
    <Filter Include="Header Files">
      <UniqueIdentifier>{93995380-89BD-4b04-88EB-625FBE52EBFB}</UniqueIdentifier>
      <Extensions>h;hh;hpp;hxx;h++;hm;inl;inc;ipp;xsd</Extensions>
    </Filter>
    <Filter Include="Resource Files">
      <UniqueIdentifier>{67DA6AB6-F800-4c08-8B7A-83BB121AAD01}</UniqueIdentifier>
      <Extensions>rc;ico;cur;bmp;dlg;rc2;rct;bin;rgs;gif;jpg;jpeg;jpe;resx;tiff;tif;png;wav;mfcribbon-ms</Extensions>
    </Filter>
  </ItemGroup>
  <ItemGroup>
    <ClInclude Include="reshack.h">
      <Filter>Header Files</Filter>
    </ClInclude>
    <ClInclude Include="reshelp.h">
      <Filter>Header Files</Filter>
    </ClInclude>
    <ClInclude Include="resistr.h">
      <Filter>Header Files</Filter>
    </ClInclude>
    <ClInclude Include="resutil.h">
      <Filter>Header Files</Filter>
    </ClInclude>
    <ClInclude Include="rgmiptyp.h">
      <Filter>Header Files</Filter>
    </ClInclude>
    <ClInclude Include="sndrstyp.h">
      <Filter>Header Files</Filter>
    </ClInclude>
    <ClInclude Include="storeapi.h">
      <Filter>Header Files</Filter>
    </ClInclude>
    <ClInclude Include="strrstyp.h">
      <Filter>Header Files</Filter>
    </ClInclude>
    <ClInclude Include="zipstfct.h">
      <Filter>Header Files</Filter>
    </ClInclude>
    <ClInclude Include="binrstyp.h">
      <Filter>Header Files</Filter>
    </ClInclude>
    <ClInclude Include="datasrc.h">
      <Filter>Header Files</Filter>
    </ClInclude>
    <ClInclude Include="dfrstype.h">
      <Filter>Header Files</Filter>
    </ClInclude>
    <ClInclude Include="fonrstyp.h">
      <Filter>Header Files</Filter>
    </ClInclude>
    <ClInclude Include="imgrstyp.h">
      <Filter>Header Files</Filter>
    </ClInclude>
    <ClInclude Include="mdlrstyp.h">
      <Filter>Header Files</Filter>
    </ClInclude>
    <ClInclude Include="miprstyp.h">
      <Filter>Header Files</Filter>
    </ClInclude>
    <ClInclude Include="palrstyp.h">
      <Filter>Header Files</Filter>
    </ClInclude>
    <ClInclude Include="resapi.h">
      <Filter>Header Files</Filter>
    </ClInclude>
    <ClInclude Include="resbase.h">
      <Filter>Header Files</Filter>
    </ClInclude>
    <ClInclude Include="resbastm.h">
      <Filter>Header Files</Filter>
    </ClInclude>
  </ItemGroup>
  <ItemGroup>
    <ClCompile Include="binrstyp.cpp">
      <Filter>Source Files</Filter>
    </ClCompile>
    <ClCompile Include="mdlrstyp.cpp">
      <Filter>Source Files</Filter>
    </ClCompile>
    <ClCompile Include="imgrstyp.cpp">
      <Filter>Source Files</Filter>
    </ClCompile>
    <ClCompile Include="imageresource.cpp">
      <Filter>Source Files</Filter>
    </ClCompile>
    <ClCompile Include="palrstyp.cpp">
      <Filter>Source Files</Filter>
    </ClCompile>
    <ClCompile Include="strrstyp.cpp">
      <Filter>Source Files</Filter>
    </ClCompile>
    <ClCompile Include="sndrstyp.cpp">
      <Filter>Source Files</Filter>
    </ClCompile>
    <ClCompile Include="fonrstyp.cpp">
      <Filter>Source Files</Filter>
    </ClCompile>
    <ClCompile Include="resman.cpp">
      <Filter>Source Files</Filter>
    </ClCompile>
    <ClCompile Include="resutil.cpp">
      <Filter>Source Files</Filter>
    </ClCompile>
  </ItemGroup>
</Project>